PODS:
  - CryptoSwift (1.6.0)
  - Kingfisher (7.4.1)
  - QuickSheet (0.1.2)

DEPENDENCIES:
  - CryptoSwift
  - Kingfisher
  - QuickSheet

SPEC REPOS:
  trunk:
    - CryptoSwift
    - Kingfisher
    - QuickSheet

SPEC CHECKSUMS:
  CryptoSwift: 562f8eceb40e80796fffc668b0cad9313284cfa6
  Kingfisher: cd762a593a61b2fbecf7645c00f9a801a3ebfc9c
  QuickSheet: e3d60e9df38f76ec1dabcf9d2e737251f9b2cf66

PODFILE CHECKSUM: 36fbd4586e7dab49e095814a931ab8fe171eac76

COCOAPODS: 1.11.2
