// !$*UTF8*$!
{
	archiveVersion = 1;
	classes = {
	};
	objectVersion = 55;
	objects = {

/* Begin PBXBuildFile section */
		08C207743D3C1ADB69F01A5A /* Pods_Tweetarium.framework in Frameworks */ = {isa = PBXBuildFile; fileRef = 82167086FE8B3992826B2C55 /* Pods_Tweetarium.framework */; };
		7421BCD82948EF6A00523938 /* AFViewController.swift in Sources */ = {isa = PBXBuildFile; fileRef = 7421BCD72948EF6A00523938 /* AFViewController.swift */; };
		7421BCDE2948F08000523938 /* TimelineViewController.swift in Sources */ = {isa = PBXBuildFile; fileRef = 7421BCDC2948F08000523938 /* TimelineViewController.swift */; };
		7421BCDF2948F08000523938 /* TimelineViewController.xib in Resources */ = {isa = PBXBuildFile; fileRef = 7421BCDD2948F08000523938 /* TimelineViewController.xib */; };
		7421BCF229492EF600523938 /* Statuses.swift in Sources */ = {isa = PBXBuildFile; fileRef = 7421BCF129492EF600523938 /* Statuses.swift */; };
		7421BCF729492FC800523938 /* TimelineViewModel.swift in Sources */ = {isa = PBXBuildFile; fileRef = 7421BCF629492FC800523938 /* TimelineViewModel.swift */; };
		7421BCF9294931B300523938 /* TweetViewModel.swift in Sources */ = {isa = PBXBuildFile; fileRef = 7421BCF8294931B300523938 /* TweetViewModel.swift */; };
		743FD2CC293222A800DFC4DD /* AppDelegate.swift in Sources */ = {isa = PBXBuildFile; fileRef = 743FD2CB293222A800DFC4DD /* AppDelegate.swift */; };
		743FD2CE293222A800DFC4DD /* SceneDelegate.swift in Sources */ = {isa = PBXBuildFile; fileRef = 743FD2CD293222A800DFC4DD /* SceneDelegate.swift */; };
		743FD2D6293222A800DFC4DD /* Tweetarium.xcdatamodeld in Sources */ = {isa = PBXBuildFile; fileRef = 743FD2D4293222A800DFC4DD /* Tweetarium.xcdatamodeld */; };
		743FD2D8293222A900DFC4DD /* Assets.xcassets in Resources */ = {isa = PBXBuildFile; fileRef = 743FD2D7293222A900DFC4DD /* Assets.xcassets */; };
		743FD2DB293222A900DFC4DD /* LaunchScreen.storyboard in Resources */ = {isa = PBXBuildFile; fileRef = 743FD2D9293222A900DFC4DD /* LaunchScreen.storyboard */; };
		743FD2E5293222E800DFC4DD /* Coordinator.swift in Sources */ = {isa = PBXBuildFile; fileRef = 743FD2E4293222E800DFC4DD /* Coordinator.swift */; };
		743FD2E7293226F000DFC4DD /* MainCoordinator.swift in Sources */ = {isa = PBXBuildFile; fileRef = 743FD2E6293226F000DFC4DD /* MainCoordinator.swift */; };
		743FD2E9293227E900DFC4DD /* AppCoordinator.swift in Sources */ = {isa = PBXBuildFile; fileRef = 743FD2E8293227E900DFC4DD /* AppCoordinator.swift */; };
		743FD2EB2932282E00DFC4DD /* AuthCoordinator.swift in Sources */ = {isa = PBXBuildFile; fileRef = 743FD2EA2932282E00DFC4DD /* AuthCoordinator.swift */; };
		743FD30D293236DA00DFC4DD /* LoadingViewController.swift in Sources */ = {isa = PBXBuildFile; fileRef = 743FD30B293236DA00DFC4DD /* LoadingViewController.swift */; };
		743FD3172932705200DFC4DD /* Twitter.swift in Sources */ = {isa = PBXBuildFile; fileRef = 743FD3162932705200DFC4DD /* Twitter.swift */; };
		743FD3192932706100DFC4DD /* API Keys.swift in Sources */ = {isa = PBXBuildFile; fileRef = 743FD3182932706100DFC4DD /* API Keys.swift */; };
		743FD31F293273AE00DFC4DD /* HTTPMethod.swift in Sources */ = {isa = PBXBuildFile; fileRef = 743FD31E293273AE00DFC4DD /* HTTPMethod.swift */; };
		743FD321293273BF00DFC4DD /* NetworkingRoute.swift in Sources */ = {isa = PBXBuildFile; fileRef = 743FD320293273BF00DFC4DD /* NetworkingRoute.swift */; };
		743FD323293273DA00DFC4DD /* Service.swift in Sources */ = {isa = PBXBuildFile; fileRef = 743FD322293273DA00DFC4DD /* Service.swift */; };
		743FD325293273FD00DFC4DD /* ServiceErrors.swift in Sources */ = {isa = PBXBuildFile; fileRef = 743FD324293273FD00DFC4DD /* ServiceErrors.swift */; };
		743FD3272932741200DFC4DD /* ServiceMonitor.swift in Sources */ = {isa = PBXBuildFile; fileRef = 743FD3262932741200DFC4DD /* ServiceMonitor.swift */; };
		743FD32F2932750D00DFC4DD /* OAuth.swift in Sources */ = {isa = PBXBuildFile; fileRef = 743FD32E2932750D00DFC4DD /* OAuth.swift */; };
		7487516E295F219A0035EA09 /* UserViewModel.swift in Sources */ = {isa = PBXBuildFile; fileRef = 7487516D295F219A0035EA09 /* UserViewModel.swift */; };
		74A605AF2932786A00286736 /* LoadingViewController.xib in Resources */ = {isa = PBXBuildFile; fileRef = 74A605AE2932786A00286736 /* LoadingViewController.xib */; };
		74A605B4293278D900286736 /* Dict<String>.swift in Sources */ = {isa = PBXBuildFile; fileRef = 74A605B3293278D900286736 /* Dict<String>.swift */; };
		74A605B62932795100286736 /* RequestSigner.swift in Sources */ = {isa = PBXBuildFile; fileRef = 74A605B52932795100286736 /* RequestSigner.swift */; };
		74A605B829327E6A00286736 /* String.swift in Sources */ = {isa = PBXBuildFile; fileRef = 74A605B729327E6A00286736 /* String.swift */; };
		74A605BA2932914900286736 /* LoadingViewModel.swift in Sources */ = {isa = PBXBuildFile; fileRef = 74A605B92932914900286736 /* LoadingViewModel.swift */; };
		74C3144B297ADE3500D1A2FB /* URLRequestContentType.swift in Sources */ = {isa = PBXBuildFile; fileRef = 74C3144A297ADE3500D1A2FB /* URLRequestContentType.swift */; };
		74C3144D297AE05B00D1A2FB /* Client.swift in Sources */ = {isa = PBXBuildFile; fileRef = 74C3144C297AE05B00D1A2FB /* Client.swift */; };
		74C3144F297AE10900D1A2FB /* Credentials.swift in Sources */ = {isa = PBXBuildFile; fileRef = 74C3144E297AE10900D1A2FB /* Credentials.swift */; };
		74C31454297AE4D700D1A2FB /* Preferences.swift in Sources */ = {isa = PBXBuildFile; fileRef = 74C31453297AE4D700D1A2FB /* Preferences.swift */; };
		74C31456297AEA1A00D1A2FB /* PreferencesHosting.swift in Sources */ = {isa = PBXBuildFile; fileRef = 74C31455297AEA1A00D1A2FB /* PreferencesHosting.swift */; };
		74C31458297AFDAD00D1A2FB /* Language.swift in Sources */ = {isa = PBXBuildFile; fileRef = 74C31457297AFDAD00D1A2FB /* Language.swift */; };
		74D42F97295F0FB500E1906A /* CreateTweetViewModel.swift in Sources */ = {isa = PBXBuildFile; fileRef = 74D42F96295F0FB500E1906A /* CreateTweetViewModel.swift */; };
		74E38934295E5305000A4AB5 /* TweetObjectDelegate.swift in Sources */ = {isa = PBXBuildFile; fileRef = 74E38933295E5305000A4AB5 /* TweetObjectDelegate.swift */; };
		74E38936295E532A000A4AB5 /* TweetObjectView+CollectionView.swift in Sources */ = {isa = PBXBuildFile; fileRef = 74E38935295E532A000A4AB5 /* TweetObjectView+CollectionView.swift */; };
		74E38938295E5375000A4AB5 /* TweetObjectView+TextViewDelegate.swift in Sources */ = {isa = PBXBuildFile; fileRef = 74E38937295E5375000A4AB5 /* TweetObjectView+TextViewDelegate.swift */; };
		74E3893C295E5A71000A4AB5 /* CreateTweetPopup.swift in Sources */ = {isa = PBXBuildFile; fileRef = 74E3893A295E5A71000A4AB5 /* CreateTweetPopup.swift */; };
		74E3893D295E5A71000A4AB5 /* CreateTweetPopup.xib in Resources */ = {isa = PBXBuildFile; fileRef = 74E3893B295E5A71000A4AB5 /* CreateTweetPopup.xib */; };
		8C2D7A3929488014006D1CEA /* URLRequest.swift in Sources */ = {isa = PBXBuildFile; fileRef = 8C2D7A3829488014006D1CEA /* URLRequest.swift */; };
		8C2D7A3C29488787006D1CEA /* UserDefaults.swift in Sources */ = {isa = PBXBuildFile; fileRef = 8C2D7A3B29488787006D1CEA /* UserDefaults.swift */; };
		8C2D7A3F2948966E006D1CEA /* AcitivityHandler.swift in Sources */ = {isa = PBXBuildFile; fileRef = 8C2D7A3E2948966E006D1CEA /* AcitivityHandler.swift */; };
		8C359647294C9CBB0077154E /* TweetMediaEntityView.swift in Sources */ = {isa = PBXBuildFile; fileRef = 8C359645294C9CBB0077154E /* TweetMediaEntityView.swift */; };
		8C359648294C9CBB0077154E /* TweetMediaEntityView.xib in Resources */ = {isa = PBXBuildFile; fileRef = 8C359646294C9CBB0077154E /* TweetMediaEntityView.xib */; };
		8C35964A294CAB070077154E /* Int.swift in Sources */ = {isa = PBXBuildFile; fileRef = 8C359649294CAB070077154E /* Int.swift */; };
		8C563C6D295DC6A800540A54 /* Actions.swift in Sources */ = {isa = PBXBuildFile; fileRef = 8C563C6C295DC6A700540A54 /* Actions.swift */; };
		8C5C6839294B5D2600F4C88D /* TweetObjectView.swift in Sources */ = {isa = PBXBuildFile; fileRef = 8C5C6837294B5D2600F4C88D /* TweetObjectView.swift */; };
		8C5C683A294B5D2600F4C88D /* TweetObjectView.xib in Resources */ = {isa = PBXBuildFile; fileRef = 8C5C6838294B5D2600F4C88D /* TweetObjectView.xib */; };
		8C68CC77297433BA0073218F /* CreateTweetType.swift in Sources */ = {isa = PBXBuildFile; fileRef = 8C68CC73297433B90073218F /* CreateTweetType.swift */; };
		8C68CC78297433BA0073218F /* CreateTweetPopup+UIConfiguration.swift in Sources */ = {isa = PBXBuildFile; fileRef = 8C68CC74297433B90073218F /* CreateTweetPopup+UIConfiguration.swift */; };
		8C68CC79297433BA0073218F /* CreateTweetPopup+Binding.swift in Sources */ = {isa = PBXBuildFile; fileRef = 8C68CC75297433B90073218F /* CreateTweetPopup+Binding.swift */; };
		8C68CC7A297433BA0073218F /* CreateTweetPopup+UITextViewDelegate.swift in Sources */ = {isa = PBXBuildFile; fileRef = 8C68CC76297433B90073218F /* CreateTweetPopup+UITextViewDelegate.swift */; };
		8C68CC7C2974410A0073218F /* TimelineViewController+Binding.swift in Sources */ = {isa = PBXBuildFile; fileRef = 8C68CC7B2974410A0073218F /* TimelineViewController+Binding.swift */; };
		8C68CC7E297441CF0073218F /* TimelineViewController+UIConfiguration.swift in Sources */ = {isa = PBXBuildFile; fileRef = 8C68CC7D297441CF0073218F /* TimelineViewController+UIConfiguration.swift */; };
		8C68CC80297442030073218F /* TimelineViewController+UITableView.swift in Sources */ = {isa = PBXBuildFile; fileRef = 8C68CC7F297442030073218F /* TimelineViewController+UITableView.swift */; };
		8C68CC82297442250073218F /* TimelineViewController+Prefetch.swift in Sources */ = {isa = PBXBuildFile; fileRef = 8C68CC81297442250073218F /* TimelineViewController+Prefetch.swift */; };
		8C68CC84297442450073218F /* TimelineViewController+TweetObjectDelegate.swift in Sources */ = {isa = PBXBuildFile; fileRef = 8C68CC83297442450073218F /* TimelineViewController+TweetObjectDelegate.swift */; };
		8C68CC862974439F0073218F /* TweetViewModel+DataFormatting.swift in Sources */ = {isa = PBXBuildFile; fileRef = 8C68CC852974439E0073218F /* TweetViewModel+DataFormatting.swift */; };
		8C68CC88297447E60073218F /* TweetObjectView+UIConfiguration.swift in Sources */ = {isa = PBXBuildFile; fileRef = 8C68CC87297447E60073218F /* TweetObjectView+UIConfiguration.swift */; };
		8C68CC8A297448300073218F /* TweetObjectView+Instntiation.swift in Sources */ = {isa = PBXBuildFile; fileRef = 8C68CC89297448300073218F /* TweetObjectView+Instntiation.swift */; };
		8C68CC8C297448EF0073218F /* TweetObjectView+Binding.swift in Sources */ = {isa = PBXBuildFile; fileRef = 8C68CC8B297448EF0073218F /* TweetObjectView+Binding.swift */; };
		8C68CC8E29744D600073218F /* TweetViewProtocol.swift in Sources */ = {isa = PBXBuildFile; fileRef = 8C68CC8D29744D600073218F /* TweetViewProtocol.swift */; };
		8C68CC9029744EF70073218F /* TweetObjectView+TweetViewProtocol.swift in Sources */ = {isa = PBXBuildFile; fileRef = 8C68CC8F29744EF70073218F /* TweetObjectView+TweetViewProtocol.swift */; };
		8C766655295AE6220015499B /* Observable.swift in Sources */ = {isa = PBXBuildFile; fileRef = 8C766654295AE6220015499B /* Observable.swift */; };
		8C76665B295AF5160015499B /* ScreenType.swift in Sources */ = {isa = PBXBuildFile; fileRef = 8C76665A295AF5160015499B /* ScreenType.swift */; };
		8C76665D295AFFA80015499B /* User.swift in Sources */ = {isa = PBXBuildFile; fileRef = 8C76665C295AFFA80015499B /* User.swift */; };
		8C766660295B02470015499B /* TwitterUserHeader.swift in Sources */ = {isa = PBXBuildFile; fileRef = 8C76665F295B02470015499B /* TwitterUserHeader.swift */; };
		8C766662295B02550015499B /* TwitterUserHeader.xib in Resources */ = {isa = PBXBuildFile; fileRef = 8C766661295B02550015499B /* TwitterUserHeader.xib */; };
		8C766664295B0DE10015499B /* Users.swift in Sources */ = {isa = PBXBuildFile; fileRef = 8C766663295B0DE10015499B /* Users.swift */; };
		8C766668295B34BE0015499B /* RootTabbarController.swift in Sources */ = {isa = PBXBuildFile; fileRef = 8C766666295B34BE0015499B /* RootTabbarController.swift */; };
		8C76666E295B42CC0015499B /* ImageViewPopup.swift in Sources */ = {isa = PBXBuildFile; fileRef = 8C76666C295B42CC0015499B /* ImageViewPopup.swift */; };
		8C76666F295B42CC0015499B /* ImageViewPopup.xib in Resources */ = {isa = PBXBuildFile; fileRef = 8C76666D295B42CC0015499B /* ImageViewPopup.xib */; };
		8C766671295C2EF80015499B /* Date.swift in Sources */ = {isa = PBXBuildFile; fileRef = 8C766670295C2EF70015499B /* Date.swift */; };
		8C766673295C35760015499B /* Tweet.swift in Sources */ = {isa = PBXBuildFile; fileRef = 8C766672295C35760015499B /* Tweet.swift */; };
		8C766675295C43BD0015499B /* ContentRestriction.swift in Sources */ = {isa = PBXBuildFile; fileRef = 8C766674295C43BD0015499B /* ContentRestriction.swift */; };
		8C766677295C43EB0015499B /* Lang.swift in Sources */ = {isa = PBXBuildFile; fileRef = 8C766676295C43EB0015499B /* Lang.swift */; };
		8C766679295C44040015499B /* FilterLevel.swift in Sources */ = {isa = PBXBuildFile; fileRef = 8C766678295C44040015499B /* FilterLevel.swift */; };
		8C76667B295C441A0015499B /* MatchingRule.swift in Sources */ = {isa = PBXBuildFile; fileRef = 8C76667A295C441A0015499B /* MatchingRule.swift */; };
		8C76667D295C442C0015499B /* UserRetweet.swift in Sources */ = {isa = PBXBuildFile; fileRef = 8C76667C295C442C0015499B /* UserRetweet.swift */; };
		8C76667F295C44B70015499B /* Entity.swift in Sources */ = {isa = PBXBuildFile; fileRef = 8C76667E295C44B70015499B /* Entity.swift */; };
		8C766681295C46730015499B /* HashtagObject.swift in Sources */ = {isa = PBXBuildFile; fileRef = 8C766680295C46730015499B /* HashtagObject.swift */; };
		8C766683295C469A0015499B /* MediaEntityObject.swift in Sources */ = {isa = PBXBuildFile; fileRef = 8C766682295C469A0015499B /* MediaEntityObject.swift */; };
		8C766685295C47890015499B /* URLObject.swift in Sources */ = {isa = PBXBuildFile; fileRef = 8C766684295C47890015499B /* URLObject.swift */; };
		8C766687295C48130015499B /* MentionObject.swift in Sources */ = {isa = PBXBuildFile; fileRef = 8C766686295C48130015499B /* MentionObject.swift */; };
		8C766689295C484C0015499B /* Symbol.swift in Sources */ = {isa = PBXBuildFile; fileRef = 8C766688295C484C0015499B /* Symbol.swift */; };
		8C76668B295C49300015499B /* Poll.swift in Sources */ = {isa = PBXBuildFile; fileRef = 8C76668A295C49300015499B /* Poll.swift */; };
		8C76668D295C4A300015499B /* Coordinates.swift in Sources */ = {isa = PBXBuildFile; fileRef = 8C76668C295C4A300015499B /* Coordinates.swift */; };
		8C813F53297DA9A9009B32C3 /* LogoutAlertViewController.swift in Sources */ = {isa = PBXBuildFile; fileRef = 8C813F51297DA9A9009B32C3 /* LogoutAlertViewController.swift */; };
		8C813F54297DA9A9009B32C3 /* LogoutAlertViewController.xib in Resources */ = {isa = PBXBuildFile; fileRef = 8C813F52297DA9A9009B32C3 /* LogoutAlertViewController.xib */; };
		8C813F56297DAD42009B32C3 /* LogoutAlertCoordinator.swift in Sources */ = {isa = PBXBuildFile; fileRef = 8C813F55297DAD41009B32C3 /* LogoutAlertCoordinator.swift */; };
		8C813F58297DAD8C009B32C3 /* MainCoordinator+LogoutAlertCoordinator.swift in Sources */ = {isa = PBXBuildFile; fileRef = 8C813F57297DAD8C009B32C3 /* MainCoordinator+LogoutAlertCoordinator.swift */; };
		8C813F5D297DB1CC009B32C3 /* SuccessMessageViewController.swift in Sources */ = {isa = PBXBuildFile; fileRef = 8C813F5B297DB1CC009B32C3 /* SuccessMessageViewController.swift */; };
		8C813F5E297DB1CC009B32C3 /* SuccessMessageViewController.xib in Resources */ = {isa = PBXBuildFile; fileRef = 8C813F5C297DB1CC009B32C3 /* SuccessMessageViewController.xib */; };
		8C813F63297DB685009B32C3 /* README.md in Resources */ = {isa = PBXBuildFile; fileRef = 8C813F62297DB685009B32C3 /* README.md */; };
		8CCEF8BD29769ECB001FFC96 /* Localizable.strings in Resources */ = {isa = PBXBuildFile; fileRef = 8CCEF8BF29769ECB001FFC96 /* Localizable.strings */; };
		8CCEF8C32976A107001FFC96 /* String+Localized.swift in Sources */ = {isa = PBXBuildFile; fileRef = 8CCEF8C22976A107001FFC96 /* String+Localized.swift */; };
		8CCEF8C52976A15A001FFC96 /* UIButton+Localized.swift in Sources */ = {isa = PBXBuildFile; fileRef = 8CCEF8C42976A15A001FFC96 /* UIButton+Localized.swift */; };
		8CCEF8C72976B5F1001FFC96 /* Extensions+Bundle.swift in Sources */ = {isa = PBXBuildFile; fileRef = 8CCEF8C62976B5F1001FFC96 /* Extensions+Bundle.swift */; };
		8CCEF8C92976C22E001FFC96 /* UIView+Localization.swift in Sources */ = {isa = PBXBuildFile; fileRef = 8CCEF8C82976C22E001FFC96 /* UIView+Localization.swift */; };
		8CCEF8CB2976D532001FFC96 /* CreateTweetViewModelProtocol.swift in Sources */ = {isa = PBXBuildFile; fileRef = 8CCEF8CA2976D532001FFC96 /* CreateTweetViewModelProtocol.swift */; };
		8CCEF8CD2976E4B6001FFC96 /* LoadingViewModelProtocol.swift in Sources */ = {isa = PBXBuildFile; fileRef = 8CCEF8CC2976E4B6001FFC96 /* LoadingViewModelProtocol.swift */; };
		8CCEF8CF2976E56F001FFC96 /* LoadingViewController+Binding.swift in Sources */ = {isa = PBXBuildFile; fileRef = 8CCEF8CE2976E56F001FFC96 /* LoadingViewController+Binding.swift */; };
		8CCEF8D12976E5A6001FFC96 /* LoadingViewController+ASWebAuthenticationPresentationContextProviding.swift in Sources */ = {isa = PBXBuildFile; fileRef = 8CCEF8D02976E5A6001FFC96 /* LoadingViewController+ASWebAuthenticationPresentationContextProviding.swift */; };
		8CCEF8D32976E5E2001FFC96 /* LoadingViewController+Animations.swift in Sources */ = {isa = PBXBuildFile; fileRef = 8CCEF8D22976E5E2001FFC96 /* LoadingViewController+Animations.swift */; };
		8CCEF8D82977EC13001FFC96 /* TimelineCoordinator.swift in Sources */ = {isa = PBXBuildFile; fileRef = 8CCEF8D72977EC13001FFC96 /* TimelineCoordinator.swift */; };
		8CCEF8DA2977EC34001FFC96 /* PreferencesCoordinator.swift in Sources */ = {isa = PBXBuildFile; fileRef = 8CCEF8D92977EC34001FFC96 /* PreferencesCoordinator.swift */; };
		8CCEF8DC2977EC53001FFC96 /* ImageViewCoordinator.swift in Sources */ = {isa = PBXBuildFile; fileRef = 8CCEF8DB2977EC53001FFC96 /* ImageViewCoordinator.swift */; };
		8CCEF8DF2977EC84001FFC96 /* MainCoordinator+TimelineCoordinator.swift in Sources */ = {isa = PBXBuildFile; fileRef = 8CCEF8DE2977EC84001FFC96 /* MainCoordinator+TimelineCoordinator.swift */; };
		8CCEF8E12977EC9A001FFC96 /* MainCoordinator+PreferncesCoordinator.swift in Sources */ = {isa = PBXBuildFile; fileRef = 8CCEF8E02977EC9A001FFC96 /* MainCoordinator+PreferncesCoordinator.swift */; };
		8CCEF8E32977ECAE001FFC96 /* MainCoordinator+ImageViewCoordinator.swift in Sources */ = {isa = PBXBuildFile; fileRef = 8CCEF8E22977ECAE001FFC96 /* MainCoordinator+ImageViewCoordinator.swift */; };
		8CF1193829756B2B009C2BBA /* TimelineViewModelProtocol.swift in Sources */ = {isa = PBXBuildFile; fileRef = 8CF1193729756B2B009C2BBA /* TimelineViewModelProtocol.swift */; };
		8CF1193E29757CEA009C2BBA /* Factory.swift in Sources */ = {isa = PBXBuildFile; fileRef = 8CF1193D29757CEA009C2BBA /* Factory.swift */; };
		8CF1194229758187009C2BBA /* TwitterHeaderProtocol.swift in Sources */ = {isa = PBXBuildFile; fileRef = 8CF1194129758187009C2BBA /* TwitterHeaderProtocol.swift */; };
		8CF11944297581C6009C2BBA /* TwitterHeaderDelegate.swift in Sources */ = {isa = PBXBuildFile; fileRef = 8CF11943297581C6009C2BBA /* TwitterHeaderDelegate.swift */; };
		8CF1194629758207009C2BBA /* TwitterUserHeader+UIConfiguration.swift in Sources */ = {isa = PBXBuildFile; fileRef = 8CF1194529758207009C2BBA /* TwitterUserHeader+UIConfiguration.swift */; };
		8CF1194A2975825A009C2BBA /* TwitterUserHeader+TwitterHeaderProtocol.swift in Sources */ = {isa = PBXBuildFile; fileRef = 8CF119492975825A009C2BBA /* TwitterUserHeader+TwitterHeaderProtocol.swift */; };
		8CF1194C2975E0AD009C2BBA /* RootTabbarController+TwitterHeaderDelegate.swift in Sources */ = {isa = PBXBuildFile; fileRef = 8CF1194B2975E0AD009C2BBA /* RootTabbarController+TwitterHeaderDelegate.swift */; };
		8CF1194E2975E676009C2BBA /* RootTabbarControllerProtocol.swift in Sources */ = {isa = PBXBuildFile; fileRef = 8CF1194D2975E676009C2BBA /* RootTabbarControllerProtocol.swift */; };
		8CF119502975E6C0009C2BBA /* RootTabbarController+RootTabbarControllerProtocol.swift in Sources */ = {isa = PBXBuildFile; fileRef = 8CF1194F2975E6C0009C2BBA /* RootTabbarController+RootTabbarControllerProtocol.swift */; };
/* End PBXBuildFile section */

/* Begin PBXFileReference section */
		7421BCD72948EF6A00523938 /* AFViewController.swift */ = {isa = PBXFileReference; lastKnownFileType = sourcecode.swift; path = AFViewController.swift; sourceTree = "<group>"; };
		7421BCDC2948F08000523938 /* TimelineViewController.swift */ = {isa = PBXFileReference; lastKnownFileType = sourcecode.swift; path = TimelineViewController.swift; sourceTree = "<group>"; };
		7421BCDD2948F08000523938 /* TimelineViewController.xib */ = {isa = PBXFileReference; lastKnownFileType = file.xib; path = TimelineViewController.xib; sourceTree = "<group>"; };
		7421BCF129492EF600523938 /* Statuses.swift */ = {isa = PBXFileReference; lastKnownFileType = sourcecode.swift; path = Statuses.swift; sourceTree = "<group>"; };
		7421BCF629492FC800523938 /* TimelineViewModel.swift */ = {isa = PBXFileReference; lastKnownFileType = sourcecode.swift; path = TimelineViewModel.swift; sourceTree = "<group>"; };
		7421BCF8294931B300523938 /* TweetViewModel.swift */ = {isa = PBXFileReference; lastKnownFileType = sourcecode.swift; path = TweetViewModel.swift; sourceTree = "<group>"; };
		743FD2C8293222A800DFC4DD /* Tweetarium.app */ = {isa = PBXFileReference; explicitFileType = wrapper.application; includeInIndex = 0; path = Tweetarium.app; sourceTree = BUILT_PRODUCTS_DIR; };
		743FD2CB293222A800DFC4DD /* AppDelegate.swift */ = {isa = PBXFileReference; lastKnownFileType = sourcecode.swift; path = AppDelegate.swift; sourceTree = "<group>"; };
		743FD2CD293222A800DFC4DD /* SceneDelegate.swift */ = {isa = PBXFileReference; lastKnownFileType = sourcecode.swift; path = SceneDelegate.swift; sourceTree = "<group>"; };
		743FD2D5293222A800DFC4DD /* Tweetarium.xcdatamodel */ = {isa = PBXFileReference; lastKnownFileType = wrapper.xcdatamodel; path = Tweetarium.xcdatamodel; sourceTree = "<group>"; };
		743FD2D7293222A900DFC4DD /* Assets.xcassets */ = {isa = PBXFileReference; lastKnownFileType = folder.assetcatalog; path = Assets.xcassets; sourceTree = "<group>"; };
		743FD2DA293222A900DFC4DD /* Base */ = {isa = PBXFileReference; lastKnownFileType = file.storyboard; name = Base; path = Base.lproj/LaunchScreen.storyboard; sourceTree = "<group>"; };
		743FD2DC293222A900DFC4DD /* Info.plist */ = {isa = PBXFileReference; lastKnownFileType = text.plist.xml; path = Info.plist; sourceTree = "<group>"; };
		743FD2E4293222E800DFC4DD /* Coordinator.swift */ = {isa = PBXFileReference; lastKnownFileType = sourcecode.swift; path = Coordinator.swift; sourceTree = "<group>"; };
		743FD2E6293226F000DFC4DD /* MainCoordinator.swift */ = {isa = PBXFileReference; lastKnownFileType = sourcecode.swift; path = MainCoordinator.swift; sourceTree = "<group>"; };
		743FD2E8293227E900DFC4DD /* AppCoordinator.swift */ = {isa = PBXFileReference; lastKnownFileType = sourcecode.swift; path = AppCoordinator.swift; sourceTree = "<group>"; };
		743FD2EA2932282E00DFC4DD /* AuthCoordinator.swift */ = {isa = PBXFileReference; lastKnownFileType = sourcecode.swift; path = AuthCoordinator.swift; sourceTree = "<group>"; };
		743FD30B293236DA00DFC4DD /* LoadingViewController.swift */ = {isa = PBXFileReference; lastKnownFileType = sourcecode.swift; path = LoadingViewController.swift; sourceTree = "<group>"; };
		743FD3162932705200DFC4DD /* Twitter.swift */ = {isa = PBXFileReference; lastKnownFileType = sourcecode.swift; path = Twitter.swift; sourceTree = "<group>"; };
		743FD3182932706100DFC4DD /* API Keys.swift */ = {isa = PBXFileReference; lastKnownFileType = sourcecode.swift; path = "API Keys.swift"; sourceTree = "<group>"; };
		743FD31E293273AE00DFC4DD /* HTTPMethod.swift */ = {isa = PBXFileReference; lastKnownFileType = sourcecode.swift; path = HTTPMethod.swift; sourceTree = "<group>"; };
		743FD320293273BF00DFC4DD /* NetworkingRoute.swift */ = {isa = PBXFileReference; lastKnownFileType = sourcecode.swift; path = NetworkingRoute.swift; sourceTree = "<group>"; };
		743FD322293273DA00DFC4DD /* Service.swift */ = {isa = PBXFileReference; lastKnownFileType = sourcecode.swift; path = Service.swift; sourceTree = "<group>"; };
		743FD324293273FD00DFC4DD /* ServiceErrors.swift */ = {isa = PBXFileReference; lastKnownFileType = sourcecode.swift; path = ServiceErrors.swift; sourceTree = "<group>"; };
		743FD3262932741200DFC4DD /* ServiceMonitor.swift */ = {isa = PBXFileReference; lastKnownFileType = sourcecode.swift; path = ServiceMonitor.swift; sourceTree = "<group>"; };
		743FD32E2932750D00DFC4DD /* OAuth.swift */ = {isa = PBXFileReference; lastKnownFileType = sourcecode.swift; path = OAuth.swift; sourceTree = "<group>"; };
		7487516D295F219A0035EA09 /* UserViewModel.swift */ = {isa = PBXFileReference; lastKnownFileType = sourcecode.swift; path = UserViewModel.swift; sourceTree = "<group>"; };
		74A605AE2932786A00286736 /* LoadingViewController.xib */ = {isa = PBXFileReference; fileEncoding = 4; lastKnownFileType = file.xib; path = LoadingViewController.xib; sourceTree = "<group>"; };
		74A605B3293278D900286736 /* Dict<String>.swift */ = {isa = PBXFileReference; lastKnownFileType = sourcecode.swift; path = "Dict<String>.swift"; sourceTree = "<group>"; };
		74A605B52932795100286736 /* RequestSigner.swift */ = {isa = PBXFileReference; lastKnownFileType = sourcecode.swift; path = RequestSigner.swift; sourceTree = "<group>"; };
		74A605B729327E6A00286736 /* String.swift */ = {isa = PBXFileReference; lastKnownFileType = sourcecode.swift; path = String.swift; sourceTree = "<group>"; };
		74A605B92932914900286736 /* LoadingViewModel.swift */ = {isa = PBXFileReference; lastKnownFileType = sourcecode.swift; path = LoadingViewModel.swift; sourceTree = "<group>"; };
		74C3144A297ADE3500D1A2FB /* URLRequestContentType.swift */ = {isa = PBXFileReference; lastKnownFileType = sourcecode.swift; path = URLRequestContentType.swift; sourceTree = "<group>"; };
		74C3144C297AE05B00D1A2FB /* Client.swift */ = {isa = PBXFileReference; lastKnownFileType = sourcecode.swift; path = Client.swift; sourceTree = "<group>"; };
		74C3144E297AE10900D1A2FB /* Credentials.swift */ = {isa = PBXFileReference; lastKnownFileType = sourcecode.swift; path = Credentials.swift; sourceTree = "<group>"; };
		74C31453297AE4D700D1A2FB /* Preferences.swift */ = {isa = PBXFileReference; lastKnownFileType = sourcecode.swift; path = Preferences.swift; sourceTree = "<group>"; };
		74C31455297AEA1A00D1A2FB /* PreferencesHosting.swift */ = {isa = PBXFileReference; lastKnownFileType = sourcecode.swift; path = PreferencesHosting.swift; sourceTree = "<group>"; };
		74C31457297AFDAD00D1A2FB /* Language.swift */ = {isa = PBXFileReference; lastKnownFileType = sourcecode.swift; path = Language.swift; sourceTree = "<group>"; };
		74D42F96295F0FB500E1906A /* CreateTweetViewModel.swift */ = {isa = PBXFileReference; lastKnownFileType = sourcecode.swift; path = CreateTweetViewModel.swift; sourceTree = "<group>"; };
		74E38933295E5305000A4AB5 /* TweetObjectDelegate.swift */ = {isa = PBXFileReference; lastKnownFileType = sourcecode.swift; path = TweetObjectDelegate.swift; sourceTree = "<group>"; };
		74E38935295E532A000A4AB5 /* TweetObjectView+CollectionView.swift */ = {isa = PBXFileReference; lastKnownFileType = sourcecode.swift; path = "TweetObjectView+CollectionView.swift"; sourceTree = "<group>"; };
		74E38937295E5375000A4AB5 /* TweetObjectView+TextViewDelegate.swift */ = {isa = PBXFileReference; lastKnownFileType = sourcecode.swift; path = "TweetObjectView+TextViewDelegate.swift"; sourceTree = "<group>"; };
		74E3893A295E5A71000A4AB5 /* CreateTweetPopup.swift */ = {isa = PBXFileReference; lastKnownFileType = sourcecode.swift; path = CreateTweetPopup.swift; sourceTree = "<group>"; };
		74E3893B295E5A71000A4AB5 /* CreateTweetPopup.xib */ = {isa = PBXFileReference; lastKnownFileType = file.xib; path = CreateTweetPopup.xib; sourceTree = "<group>"; };
		82167086FE8B3992826B2C55 /* Pods_Tweetarium.framework */ = {isa = PBXFileReference; explicitFileType = wrapper.framework; includeInIndex = 0; path = Pods_Tweetarium.framework; sourceTree = BUILT_PRODUCTS_DIR; };
		8C2D7A3829488014006D1CEA /* URLRequest.swift */ = {isa = PBXFileReference; lastKnownFileType = sourcecode.swift; path = URLRequest.swift; sourceTree = "<group>"; };
		8C2D7A3B29488787006D1CEA /* UserDefaults.swift */ = {isa = PBXFileReference; lastKnownFileType = sourcecode.swift; path = UserDefaults.swift; sourceTree = "<group>"; };
		8C2D7A3E2948966E006D1CEA /* AcitivityHandler.swift */ = {isa = PBXFileReference; lastKnownFileType = sourcecode.swift; path = AcitivityHandler.swift; sourceTree = "<group>"; };
		8C359645294C9CBB0077154E /* TweetMediaEntityView.swift */ = {isa = PBXFileReference; lastKnownFileType = sourcecode.swift; path = TweetMediaEntityView.swift; sourceTree = "<group>"; };
		8C359646294C9CBB0077154E /* TweetMediaEntityView.xib */ = {isa = PBXFileReference; lastKnownFileType = file.xib; path = TweetMediaEntityView.xib; sourceTree = "<group>"; };
		8C359649294CAB070077154E /* Int.swift */ = {isa = PBXFileReference; lastKnownFileType = sourcecode.swift; path = Int.swift; sourceTree = "<group>"; };
		8C563C6C295DC6A700540A54 /* Actions.swift */ = {isa = PBXFileReference; lastKnownFileType = sourcecode.swift; path = Actions.swift; sourceTree = "<group>"; };
		8C5C6837294B5D2600F4C88D /* TweetObjectView.swift */ = {isa = PBXFileReference; lastKnownFileType = sourcecode.swift; path = TweetObjectView.swift; sourceTree = "<group>"; };
		8C5C6838294B5D2600F4C88D /* TweetObjectView.xib */ = {isa = PBXFileReference; lastKnownFileType = file.xib; path = TweetObjectView.xib; sourceTree = "<group>"; };
		8C68CC73297433B90073218F /* CreateTweetType.swift */ = {isa = PBXFileReference; fileEncoding = 4; lastKnownFileType = sourcecode.swift; path = CreateTweetType.swift; sourceTree = "<group>"; };
		8C68CC74297433B90073218F /* CreateTweetPopup+UIConfiguration.swift */ = {isa = PBXFileReference; fileEncoding = 4; lastKnownFileType = sourcecode.swift; path = "CreateTweetPopup+UIConfiguration.swift"; sourceTree = "<group>"; };
		8C68CC75297433B90073218F /* CreateTweetPopup+Binding.swift */ = {isa = PBXFileReference; fileEncoding = 4; lastKnownFileType = sourcecode.swift; path = "CreateTweetPopup+Binding.swift"; sourceTree = "<group>"; };
		8C68CC76297433B90073218F /* CreateTweetPopup+UITextViewDelegate.swift */ = {isa = PBXFileReference; fileEncoding = 4; lastKnownFileType = sourcecode.swift; path = "CreateTweetPopup+UITextViewDelegate.swift"; sourceTree = "<group>"; };
		8C68CC7B2974410A0073218F /* TimelineViewController+Binding.swift */ = {isa = PBXFileReference; lastKnownFileType = sourcecode.swift; path = "TimelineViewController+Binding.swift"; sourceTree = "<group>"; };
		8C68CC7D297441CF0073218F /* TimelineViewController+UIConfiguration.swift */ = {isa = PBXFileReference; lastKnownFileType = sourcecode.swift; path = "TimelineViewController+UIConfiguration.swift"; sourceTree = "<group>"; };
		8C68CC7F297442030073218F /* TimelineViewController+UITableView.swift */ = {isa = PBXFileReference; lastKnownFileType = sourcecode.swift; path = "TimelineViewController+UITableView.swift"; sourceTree = "<group>"; };
		8C68CC81297442250073218F /* TimelineViewController+Prefetch.swift */ = {isa = PBXFileReference; lastKnownFileType = sourcecode.swift; path = "TimelineViewController+Prefetch.swift"; sourceTree = "<group>"; };
		8C68CC83297442450073218F /* TimelineViewController+TweetObjectDelegate.swift */ = {isa = PBXFileReference; lastKnownFileType = sourcecode.swift; path = "TimelineViewController+TweetObjectDelegate.swift"; sourceTree = "<group>"; };
		8C68CC852974439E0073218F /* TweetViewModel+DataFormatting.swift */ = {isa = PBXFileReference; lastKnownFileType = sourcecode.swift; path = "TweetViewModel+DataFormatting.swift"; sourceTree = "<group>"; };
		8C68CC87297447E60073218F /* TweetObjectView+UIConfiguration.swift */ = {isa = PBXFileReference; lastKnownFileType = sourcecode.swift; path = "TweetObjectView+UIConfiguration.swift"; sourceTree = "<group>"; };
		8C68CC89297448300073218F /* TweetObjectView+Instntiation.swift */ = {isa = PBXFileReference; lastKnownFileType = sourcecode.swift; path = "TweetObjectView+Instntiation.swift"; sourceTree = "<group>"; };
		8C68CC8B297448EF0073218F /* TweetObjectView+Binding.swift */ = {isa = PBXFileReference; lastKnownFileType = sourcecode.swift; path = "TweetObjectView+Binding.swift"; sourceTree = "<group>"; };
		8C68CC8D29744D600073218F /* TweetViewProtocol.swift */ = {isa = PBXFileReference; lastKnownFileType = sourcecode.swift; path = TweetViewProtocol.swift; sourceTree = "<group>"; };
		8C68CC8F29744EF70073218F /* TweetObjectView+TweetViewProtocol.swift */ = {isa = PBXFileReference; lastKnownFileType = sourcecode.swift; path = "TweetObjectView+TweetViewProtocol.swift"; sourceTree = "<group>"; };
		8C766654295AE6220015499B /* Observable.swift */ = {isa = PBXFileReference; lastKnownFileType = sourcecode.swift; path = Observable.swift; sourceTree = "<group>"; };
		8C76665A295AF5160015499B /* ScreenType.swift */ = {isa = PBXFileReference; lastKnownFileType = sourcecode.swift; path = ScreenType.swift; sourceTree = "<group>"; };
		8C76665C295AFFA80015499B /* User.swift */ = {isa = PBXFileReference; lastKnownFileType = sourcecode.swift; path = User.swift; sourceTree = "<group>"; };
		8C76665F295B02470015499B /* TwitterUserHeader.swift */ = {isa = PBXFileReference; lastKnownFileType = sourcecode.swift; path = TwitterUserHeader.swift; sourceTree = "<group>"; };
		8C766661295B02550015499B /* TwitterUserHeader.xib */ = {isa = PBXFileReference; lastKnownFileType = file.xib; path = TwitterUserHeader.xib; sourceTree = "<group>"; };
		8C766663295B0DE10015499B /* Users.swift */ = {isa = PBXFileReference; lastKnownFileType = sourcecode.swift; path = Users.swift; sourceTree = "<group>"; };
		8C766666295B34BE0015499B /* RootTabbarController.swift */ = {isa = PBXFileReference; lastKnownFileType = sourcecode.swift; path = RootTabbarController.swift; sourceTree = "<group>"; };
		8C76666C295B42CC0015499B /* ImageViewPopup.swift */ = {isa = PBXFileReference; lastKnownFileType = sourcecode.swift; path = ImageViewPopup.swift; sourceTree = "<group>"; };
		8C76666D295B42CC0015499B /* ImageViewPopup.xib */ = {isa = PBXFileReference; lastKnownFileType = file.xib; path = ImageViewPopup.xib; sourceTree = "<group>"; };
		8C766670295C2EF70015499B /* Date.swift */ = {isa = PBXFileReference; lastKnownFileType = sourcecode.swift; path = Date.swift; sourceTree = "<group>"; };
		8C766672295C35760015499B /* Tweet.swift */ = {isa = PBXFileReference; lastKnownFileType = sourcecode.swift; path = Tweet.swift; sourceTree = "<group>"; };
		8C766674295C43BD0015499B /* ContentRestriction.swift */ = {isa = PBXFileReference; lastKnownFileType = sourcecode.swift; path = ContentRestriction.swift; sourceTree = "<group>"; };
		8C766676295C43EB0015499B /* Lang.swift */ = {isa = PBXFileReference; lastKnownFileType = sourcecode.swift; path = Lang.swift; sourceTree = "<group>"; };
		8C766678295C44040015499B /* FilterLevel.swift */ = {isa = PBXFileReference; lastKnownFileType = sourcecode.swift; path = FilterLevel.swift; sourceTree = "<group>"; };
		8C76667A295C441A0015499B /* MatchingRule.swift */ = {isa = PBXFileReference; lastKnownFileType = sourcecode.swift; path = MatchingRule.swift; sourceTree = "<group>"; };
		8C76667C295C442C0015499B /* UserRetweet.swift */ = {isa = PBXFileReference; lastKnownFileType = sourcecode.swift; path = UserRetweet.swift; sourceTree = "<group>"; };
		8C76667E295C44B70015499B /* Entity.swift */ = {isa = PBXFileReference; lastKnownFileType = sourcecode.swift; path = Entity.swift; sourceTree = "<group>"; };
		8C766680295C46730015499B /* HashtagObject.swift */ = {isa = PBXFileReference; lastKnownFileType = sourcecode.swift; path = HashtagObject.swift; sourceTree = "<group>"; };
		8C766682295C469A0015499B /* MediaEntityObject.swift */ = {isa = PBXFileReference; lastKnownFileType = sourcecode.swift; path = MediaEntityObject.swift; sourceTree = "<group>"; };
		8C766684295C47890015499B /* URLObject.swift */ = {isa = PBXFileReference; lastKnownFileType = sourcecode.swift; path = URLObject.swift; sourceTree = "<group>"; };
		8C766686295C48130015499B /* MentionObject.swift */ = {isa = PBXFileReference; lastKnownFileType = sourcecode.swift; path = MentionObject.swift; sourceTree = "<group>"; };
		8C766688295C484C0015499B /* Symbol.swift */ = {isa = PBXFileReference; lastKnownFileType = sourcecode.swift; path = Symbol.swift; sourceTree = "<group>"; };
		8C76668A295C49300015499B /* Poll.swift */ = {isa = PBXFileReference; lastKnownFileType = sourcecode.swift; path = Poll.swift; sourceTree = "<group>"; };
		8C76668C295C4A300015499B /* Coordinates.swift */ = {isa = PBXFileReference; lastKnownFileType = sourcecode.swift; path = Coordinates.swift; sourceTree = "<group>"; };
		8C813F51297DA9A9009B32C3 /* LogoutAlertViewController.swift */ = {isa = PBXFileReference; lastKnownFileType = sourcecode.swift; path = LogoutAlertViewController.swift; sourceTree = "<group>"; };
		8C813F52297DA9A9009B32C3 /* LogoutAlertViewController.xib */ = {isa = PBXFileReference; lastKnownFileType = file.xib; path = LogoutAlertViewController.xib; sourceTree = "<group>"; };
		8C813F55297DAD41009B32C3 /* LogoutAlertCoordinator.swift */ = {isa = PBXFileReference; lastKnownFileType = sourcecode.swift; path = LogoutAlertCoordinator.swift; sourceTree = "<group>"; };
		8C813F57297DAD8C009B32C3 /* MainCoordinator+LogoutAlertCoordinator.swift */ = {isa = PBXFileReference; lastKnownFileType = sourcecode.swift; path = "MainCoordinator+LogoutAlertCoordinator.swift"; sourceTree = "<group>"; };
		8C813F5B297DB1CC009B32C3 /* SuccessMessageViewController.swift */ = {isa = PBXFileReference; lastKnownFileType = sourcecode.swift; path = SuccessMessageViewController.swift; sourceTree = "<group>"; };
		8C813F5C297DB1CC009B32C3 /* SuccessMessageViewController.xib */ = {isa = PBXFileReference; lastKnownFileType = file.xib; path = SuccessMessageViewController.xib; sourceTree = "<group>"; };
		8C813F62297DB685009B32C3 /* README.md */ = {isa = PBXFileReference; fileEncoding = 4; lastKnownFileType = net.daringfireball.markdown; path = README.md; sourceTree = SOURCE_ROOT; };
		8CCEF8BE29769ECB001FFC96 /* en */ = {isa = PBXFileReference; lastKnownFileType = text.plist.strings; name = en; path = en.lproj/Localizable.strings; sourceTree = "<group>"; };
		8CCEF8C02976A0E2001FFC96 /* ar */ = {isa = PBXFileReference; lastKnownFileType = text.plist.strings; name = ar; path = ar.lproj/LaunchScreen.strings; sourceTree = "<group>"; };
		8CCEF8C12976A0E4001FFC96 /* ar */ = {isa = PBXFileReference; lastKnownFileType = text.plist.strings; name = ar; path = ar.lproj/Localizable.strings; sourceTree = "<group>"; };
		8CCEF8C22976A107001FFC96 /* String+Localized.swift */ = {isa = PBXFileReference; lastKnownFileType = sourcecode.swift; path = "String+Localized.swift"; sourceTree = "<group>"; };
		8CCEF8C42976A15A001FFC96 /* UIButton+Localized.swift */ = {isa = PBXFileReference; lastKnownFileType = sourcecode.swift; path = "UIButton+Localized.swift"; sourceTree = "<group>"; };
		8CCEF8C62976B5F1001FFC96 /* Extensions+Bundle.swift */ = {isa = PBXFileReference; lastKnownFileType = sourcecode.swift; path = "Extensions+Bundle.swift"; sourceTree = "<group>"; };
		8CCEF8C82976C22E001FFC96 /* UIView+Localization.swift */ = {isa = PBXFileReference; lastKnownFileType = sourcecode.swift; path = "UIView+Localization.swift"; sourceTree = "<group>"; };
		8CCEF8CA2976D532001FFC96 /* CreateTweetViewModelProtocol.swift */ = {isa = PBXFileReference; lastKnownFileType = sourcecode.swift; path = CreateTweetViewModelProtocol.swift; sourceTree = "<group>"; };
		8CCEF8CC2976E4B6001FFC96 /* LoadingViewModelProtocol.swift */ = {isa = PBXFileReference; lastKnownFileType = sourcecode.swift; name = LoadingViewModelProtocol.swift; path = Tweetarium/Scenes/Auth/IntroScene/ViewModel/LoadingViewModelProtocol.swift; sourceTree = SOURCE_ROOT; };
		8CCEF8CE2976E56F001FFC96 /* LoadingViewController+Binding.swift */ = {isa = PBXFileReference; lastKnownFileType = sourcecode.swift; path = "LoadingViewController+Binding.swift"; sourceTree = "<group>"; };
		8CCEF8D02976E5A6001FFC96 /* LoadingViewController+ASWebAuthenticationPresentationContextProviding.swift */ = {isa = PBXFileReference; lastKnownFileType = sourcecode.swift; path = "LoadingViewController+ASWebAuthenticationPresentationContextProviding.swift"; sourceTree = "<group>"; };
		8CCEF8D22976E5E2001FFC96 /* LoadingViewController+Animations.swift */ = {isa = PBXFileReference; lastKnownFileType = sourcecode.swift; path = "LoadingViewController+Animations.swift"; sourceTree = "<group>"; };
		8CCEF8D72977EC13001FFC96 /* TimelineCoordinator.swift */ = {isa = PBXFileReference; lastKnownFileType = sourcecode.swift; path = TimelineCoordinator.swift; sourceTree = "<group>"; };
		8CCEF8D92977EC34001FFC96 /* PreferencesCoordinator.swift */ = {isa = PBXFileReference; lastKnownFileType = sourcecode.swift; path = PreferencesCoordinator.swift; sourceTree = "<group>"; };
		8CCEF8DB2977EC53001FFC96 /* ImageViewCoordinator.swift */ = {isa = PBXFileReference; lastKnownFileType = sourcecode.swift; path = ImageViewCoordinator.swift; sourceTree = "<group>"; };
		8CCEF8DE2977EC84001FFC96 /* MainCoordinator+TimelineCoordinator.swift */ = {isa = PBXFileReference; lastKnownFileType = sourcecode.swift; path = "MainCoordinator+TimelineCoordinator.swift"; sourceTree = "<group>"; };
		8CCEF8E02977EC9A001FFC96 /* MainCoordinator+PreferncesCoordinator.swift */ = {isa = PBXFileReference; lastKnownFileType = sourcecode.swift; path = "MainCoordinator+PreferncesCoordinator.swift"; sourceTree = "<group>"; };
		8CCEF8E22977ECAE001FFC96 /* MainCoordinator+ImageViewCoordinator.swift */ = {isa = PBXFileReference; lastKnownFileType = sourcecode.swift; path = "MainCoordinator+ImageViewCoordinator.swift"; sourceTree = "<group>"; };
		8CF1193729756B2B009C2BBA /* TimelineViewModelProtocol.swift */ = {isa = PBXFileReference; lastKnownFileType = sourcecode.swift; path = TimelineViewModelProtocol.swift; sourceTree = "<group>"; };
		8CF1193D29757CEA009C2BBA /* Factory.swift */ = {isa = PBXFileReference; lastKnownFileType = sourcecode.swift; path = Factory.swift; sourceTree = "<group>"; };
		8CF1194129758187009C2BBA /* TwitterHeaderProtocol.swift */ = {isa = PBXFileReference; lastKnownFileType = sourcecode.swift; path = TwitterHeaderProtocol.swift; sourceTree = "<group>"; };
		8CF11943297581C6009C2BBA /* TwitterHeaderDelegate.swift */ = {isa = PBXFileReference; lastKnownFileType = sourcecode.swift; path = TwitterHeaderDelegate.swift; sourceTree = "<group>"; };
		8CF1194529758207009C2BBA /* TwitterUserHeader+UIConfiguration.swift */ = {isa = PBXFileReference; lastKnownFileType = sourcecode.swift; path = "TwitterUserHeader+UIConfiguration.swift"; sourceTree = "<group>"; };
		8CF119492975825A009C2BBA /* TwitterUserHeader+TwitterHeaderProtocol.swift */ = {isa = PBXFileReference; lastKnownFileType = sourcecode.swift; path = "TwitterUserHeader+TwitterHeaderProtocol.swift"; sourceTree = "<group>"; };
		8CF1194B2975E0AD009C2BBA /* RootTabbarController+TwitterHeaderDelegate.swift */ = {isa = PBXFileReference; lastKnownFileType = sourcecode.swift; path = "RootTabbarController+TwitterHeaderDelegate.swift"; sourceTree = "<group>"; };
		8CF1194D2975E676009C2BBA /* RootTabbarControllerProtocol.swift */ = {isa = PBXFileReference; lastKnownFileType = sourcecode.swift; path = RootTabbarControllerProtocol.swift; sourceTree = "<group>"; };
		8CF1194F2975E6C0009C2BBA /* RootTabbarController+RootTabbarControllerProtocol.swift */ = {isa = PBXFileReference; lastKnownFileType = sourcecode.swift; path = "RootTabbarController+RootTabbarControllerProtocol.swift"; sourceTree = "<group>"; };
		9A01B5AEF79CE371AD7E0EDA /* Pods-Tweetarium.release.xcconfig */ = {isa = PBXFileReference; includeInIndex = 1; lastKnownFileType = text.xcconfig; name = "Pods-Tweetarium.release.xcconfig"; path = "Target Support Files/Pods-Tweetarium/Pods-Tweetarium.release.xcconfig"; sourceTree = "<group>"; };
		EB2D7769523DF84D9CA3C655 /* Pods-Tweetarium.debug.xcconfig */ = {isa = PBXFileReference; includeInIndex = 1; lastKnownFileType = text.xcconfig; name = "Pods-Tweetarium.debug.xcconfig"; path = "Target Support Files/Pods-Tweetarium/Pods-Tweetarium.debug.xcconfig"; sourceTree = "<group>"; };
/* End PBXFileReference section */

/* Begin PBXFrameworksBuildPhase section */
		743FD2C5293222A800DFC4DD /* Frameworks */ = {
			isa = PBXFrameworksBuildPhase;
			buildActionMask = 2147483647;
			files = (
				08C207743D3C1ADB69F01A5A /* Pods_Tweetarium.framework in Frameworks */,
			);
			runOnlyForDeploymentPostprocessing = 0;
		};
/* End PBXFrameworksBuildPhase section */

/* Begin PBXGroup section */
		6C3BD28111DCD2FCDDFDF5D8 /* Frameworks */ = {
			isa = PBXGroup;
			children = (
				82167086FE8B3992826B2C55 /* Pods_Tweetarium.framework */,
			);
			name = Frameworks;
			sourceTree = "<group>";
		};
		741B834529600F1C00902AFC /* PreferencesView */ = {
			isa = PBXGroup;
			children = (
				74C31452297AE4C700D1A2FB /* View */,
				74854AFE29600F9F00835000 /* Controller */,
			);
			path = PreferencesView;
			sourceTree = "<group>";
		};
		7421BCD62948EF4F00523938 /* AFViewController */ = {
			isa = PBXGroup;
			children = (
				7421BCD72948EF6A00523938 /* AFViewController.swift */,
			);
			path = AFViewController;
			sourceTree = "<group>";
		};
		7421BCD92948F06900523938 /* Main */ = {
			isa = PBXGroup;
			children = (
				741B834529600F1C00902AFC /* PreferencesView */,
				8C76666A295B42960015499B /* ComplentaryViews */,
				8C5C6835294B5CDF00F4C88D /* SceneComponents */,
				7421BCDA2948F06E00523938 /* Root */,
			);
			path = Main;
			sourceTree = "<group>";
		};
		7421BCDA2948F06E00523938 /* Root */ = {
			isa = PBXGroup;
			children = (
				8C766665295B34930015499B /* Tabbar */,
				7421BCDB2948F07200523938 /* Timeline */,
			);
			path = Root;
			sourceTree = "<group>";
		};
		7421BCDB2948F07200523938 /* Timeline */ = {
			isa = PBXGroup;
			children = (
				8C766659295AF5090015499B /* Helper */,
				7421BCF329492FA400523938 /* ViewModel */,
				7421BCF429492FAC00523938 /* Controller */,
				7421BCF529492FB100523938 /* View */,
			);
			path = Timeline;
			sourceTree = "<group>";
		};
		7421BCEE29492EBD00523938 /* Models */ = {
			isa = PBXGroup;
			children = (
				8C76665C295AFFA80015499B /* User.swift */,
				8C766672295C35760015499B /* Tweet.swift */,
				8C766674295C43BD0015499B /* ContentRestriction.swift */,
				8C766676295C43EB0015499B /* Lang.swift */,
				8C766678295C44040015499B /* FilterLevel.swift */,
				8C76667A295C441A0015499B /* MatchingRule.swift */,
				8C76667C295C442C0015499B /* UserRetweet.swift */,
				8C76667E295C44B70015499B /* Entity.swift */,
				8C766680295C46730015499B /* HashtagObject.swift */,
				8C766682295C469A0015499B /* MediaEntityObject.swift */,
				8C766684295C47890015499B /* URLObject.swift */,
				8C766686295C48130015499B /* MentionObject.swift */,
				8C766688295C484C0015499B /* Symbol.swift */,
				8C76668A295C49300015499B /* Poll.swift */,
				8C76668C295C4A300015499B /* Coordinates.swift */,
			);
			path = Models;
			sourceTree = "<group>";
		};
		7421BCF329492FA400523938 /* ViewModel */ = {
			isa = PBXGroup;
			children = (
				7421BCF629492FC800523938 /* TimelineViewModel.swift */,
				8CF1193729756B2B009C2BBA /* TimelineViewModelProtocol.swift */,
			);
			path = ViewModel;
			sourceTree = "<group>";
		};
		7421BCF429492FAC00523938 /* Controller */ = {
			isa = PBXGroup;
			children = (
				7421BCDC2948F08000523938 /* TimelineViewController.swift */,
				8C68CC7B2974410A0073218F /* TimelineViewController+Binding.swift */,
				8C68CC7D297441CF0073218F /* TimelineViewController+UIConfiguration.swift */,
				8C68CC7F297442030073218F /* TimelineViewController+UITableView.swift */,
				8C68CC81297442250073218F /* TimelineViewController+Prefetch.swift */,
				8C68CC83297442450073218F /* TimelineViewController+TweetObjectDelegate.swift */,
			);
			path = Controller;
			sourceTree = "<group>";
		};
		7421BCF529492FB100523938 /* View */ = {
			isa = PBXGroup;
			children = (
				7421BCDD2948F08000523938 /* TimelineViewController.xib */,
			);
			path = View;
			sourceTree = "<group>";
		};
		743FD2BF293222A800DFC4DD = {
			isa = PBXGroup;
			children = (
				743FD2CA293222A800DFC4DD /* Tweetarium */,
				743FD2C9293222A800DFC4DD /* Products */,
				6C3BD28111DCD2FCDDFDF5D8 /* Frameworks */,
				B8940D3496FEA6E8A11C496A /* Pods */,
			);
			sourceTree = "<group>";
		};
		743FD2C9293222A800DFC4DD /* Products */ = {
			isa = PBXGroup;
			children = (
				743FD2C8293222A800DFC4DD /* Tweetarium.app */,
			);
			name = Products;
			sourceTree = "<group>";
		};
		743FD2CA293222A800DFC4DD /* Tweetarium */ = {
			isa = PBXGroup;
			children = (
				8C813F62297DB685009B32C3 /* README.md */,
				8CCEF8BA29769E5C001FFC96 /* Localization */,
				8C766653295AE6050015499B /* Observable */,
				8C2D7A3A29488777006D1CEA /* Defaults */,
				74A605B2293278C600286736 /* Extensions */,
				743FD3152932703E00DFC4DD /* Constants */,
				743FD3142932703600DFC4DD /* Authentication */,
				743FD3132932703000DFC4DD /* Networking */,
				743FD30F2932472B00DFC4DD /* Helpers */,
				743FD2EC29322CE100DFC4DD /* Scenes */,
				743FD2E2293222D000DFC4DD /* Coordinator */,
				8CF1193C29757CCB009C2BBA /* Factory */,
				8CCEF8E72977ED9A001FFC96 /* Core */,
			);
			path = Tweetarium;
			sourceTree = "<group>";
		};
		743FD2E2293222D000DFC4DD /* Coordinator */ = {
			isa = PBXGroup;
			children = (
				8CCEF8D62977EBF1001FFC96 /* Protocols */,
				8CCEF8DD2977EC5D001FFC96 /* Coordinators */,
			);
			path = Coordinator;
			sourceTree = "<group>";
		};
		743FD2EC29322CE100DFC4DD /* Scenes */ = {
			isa = PBXGroup;
			children = (
				7421BCD92948F06900523938 /* Main */,
				743FD2ED29322D1600DFC4DD /* Auth */,
			);
			path = Scenes;
			sourceTree = "<group>";
		};
		743FD2ED29322D1600DFC4DD /* Auth */ = {
			isa = PBXGroup;
			children = (
				743FD2EF29322D2900DFC4DD /* IntroScene */,
			);
			path = Auth;
			sourceTree = "<group>";
		};
		743FD2EF29322D2900DFC4DD /* IntroScene */ = {
			isa = PBXGroup;
			children = (
				74A605B12932787600286736 /* ViewModel */,
				74A605B02932786E00286736 /* Controller */,
				743FD330293277E200DFC4DD /* View */,
			);
			path = IntroScene;
			sourceTree = "<group>";
		};
		743FD30F2932472B00DFC4DD /* Helpers */ = {
			isa = PBXGroup;
			children = (
				7421BCD62948EF4F00523938 /* AFViewController */,
			);
			path = Helpers;
			sourceTree = "<group>";
		};
		743FD3132932703000DFC4DD /* Networking */ = {
			isa = PBXGroup;
			children = (
				7421BCEE29492EBD00523938 /* Models */,
				8C2D7A3D2948965A006D1CEA /* ActivityHandling */,
				8C2D7A3729487FFC006D1CEA /* URLRequest */,
				743FD32A2932743300DFC4DD /* Service */,
				743FD3292932742900DFC4DD /* Routers */,
			);
			path = Networking;
			sourceTree = "<group>";
		};
		743FD3142932703600DFC4DD /* Authentication */ = {
			isa = PBXGroup;
			children = (
				74A605B52932795100286736 /* RequestSigner.swift */,
				74C3144C297AE05B00D1A2FB /* Client.swift */,
				74C3144E297AE10900D1A2FB /* Credentials.swift */,
			);
			path = Authentication;
			sourceTree = "<group>";
		};
		743FD3152932703E00DFC4DD /* Constants */ = {
			isa = PBXGroup;
			children = (
				743FD3162932705200DFC4DD /* Twitter.swift */,
				743FD3182932706100DFC4DD /* API Keys.swift */,
			);
			path = Constants;
			sourceTree = "<group>";
		};
		743FD3292932742900DFC4DD /* Routers */ = {
			isa = PBXGroup;
			children = (
				743FD32C2932749C00DFC4DD /* RouterEnums */,
				743FD32B2932748E00DFC4DD /* Protocols */,
			);
			path = Routers;
			sourceTree = "<group>";
		};
		743FD32A2932743300DFC4DD /* Service */ = {
			isa = PBXGroup;
			children = (
				743FD31E293273AE00DFC4DD /* HTTPMethod.swift */,
				743FD322293273DA00DFC4DD /* Service.swift */,
				743FD324293273FD00DFC4DD /* ServiceErrors.swift */,
				743FD3262932741200DFC4DD /* ServiceMonitor.swift */,
			);
			path = Service;
			sourceTree = "<group>";
		};
		743FD32B2932748E00DFC4DD /* Protocols */ = {
			isa = PBXGroup;
			children = (
				743FD320293273BF00DFC4DD /* NetworkingRoute.swift */,
			);
			path = Protocols;
			sourceTree = "<group>";
		};
		743FD32C2932749C00DFC4DD /* RouterEnums */ = {
			isa = PBXGroup;
			children = (
				743FD32E2932750D00DFC4DD /* OAuth.swift */,
				7421BCF129492EF600523938 /* Statuses.swift */,
				8C766663295B0DE10015499B /* Users.swift */,
				8C563C6C295DC6A700540A54 /* Actions.swift */,
			);
			path = RouterEnums;
			sourceTree = "<group>";
		};
		743FD330293277E200DFC4DD /* View */ = {
			isa = PBXGroup;
			children = (
				74A605AE2932786A00286736 /* LoadingViewController.xib */,
			);
			path = View;
			sourceTree = "<group>";
		};
		74854AFE29600F9F00835000 /* Controller */ = {
			isa = PBXGroup;
			children = (
				74C31455297AEA1A00D1A2FB /* PreferencesHosting.swift */,
			);
			path = Controller;
			sourceTree = "<group>";
		};
		74A605B02932786E00286736 /* Controller */ = {
			isa = PBXGroup;
			children = (
				743FD30B293236DA00DFC4DD /* LoadingViewController.swift */,
				8CCEF8CE2976E56F001FFC96 /* LoadingViewController+Binding.swift */,
				8CCEF8D02976E5A6001FFC96 /* LoadingViewController+ASWebAuthenticationPresentationContextProviding.swift */,
				8CCEF8D22976E5E2001FFC96 /* LoadingViewController+Animations.swift */,
			);
			path = Controller;
			sourceTree = "<group>";
		};
		74A605B12932787600286736 /* ViewModel */ = {
			isa = PBXGroup;
			children = (
				74A605B92932914900286736 /* LoadingViewModel.swift */,
				8CCEF8CC2976E4B6001FFC96 /* LoadingViewModelProtocol.swift */,
			);
			path = ViewModel;
			sourceTree = "<group>";
		};
		74A605B2293278C600286736 /* Extensions */ = {
			isa = PBXGroup;
			children = (
				74A605B3293278D900286736 /* Dict<String>.swift */,
				74A605B729327E6A00286736 /* String.swift */,
				8C359649294CAB070077154E /* Int.swift */,
				8C766670295C2EF70015499B /* Date.swift */,
			);
			path = Extensions;
			sourceTree = "<group>";
		};
		74C31452297AE4C700D1A2FB /* View */ = {
			isa = PBXGroup;
			children = (
				74C31453297AE4D700D1A2FB /* Preferences.swift */,
			);
			path = View;
			sourceTree = "<group>";
		};
		74D42F93295F0F8C00E1906A /* View */ = {
			isa = PBXGroup;
			children = (
				74E3893B295E5A71000A4AB5 /* CreateTweetPopup.xib */,
			);
			path = View;
			sourceTree = "<group>";
		};
		74D42F94295F0F9400E1906A /* Controller */ = {
			isa = PBXGroup;
			children = (
				8C68CC75297433B90073218F /* CreateTweetPopup+Binding.swift */,
				8C68CC74297433B90073218F /* CreateTweetPopup+UIConfiguration.swift */,
				8C68CC76297433B90073218F /* CreateTweetPopup+UITextViewDelegate.swift */,
				8C68CC73297433B90073218F /* CreateTweetType.swift */,
				74E3893A295E5A71000A4AB5 /* CreateTweetPopup.swift */,
			);
			path = Controller;
			sourceTree = "<group>";
		};
		74D42F95295F0F9B00E1906A /* ViewModel */ = {
			isa = PBXGroup;
			children = (
				74D42F96295F0FB500E1906A /* CreateTweetViewModel.swift */,
				7487516D295F219A0035EA09 /* UserViewModel.swift */,
				8CCEF8CA2976D532001FFC96 /* CreateTweetViewModelProtocol.swift */,
			);
			path = ViewModel;
			sourceTree = "<group>";
		};
		74E38939295E5A21000A4AB5 /* CreateTweetPopup */ = {
			isa = PBXGroup;
			children = (
				74D42F95295F0F9B00E1906A /* ViewModel */,
				74D42F94295F0F9400E1906A /* Controller */,
				74D42F93295F0F8C00E1906A /* View */,
			);
			path = CreateTweetPopup;
			sourceTree = "<group>";
		};
		8C2D7A3729487FFC006D1CEA /* URLRequest */ = {
			isa = PBXGroup;
			children = (
				8C2D7A3829488014006D1CEA /* URLRequest.swift */,
				74C3144A297ADE3500D1A2FB /* URLRequestContentType.swift */,
			);
			path = URLRequest;
			sourceTree = "<group>";
		};
		8C2D7A3A29488777006D1CEA /* Defaults */ = {
			isa = PBXGroup;
			children = (
				8C2D7A3B29488787006D1CEA /* UserDefaults.swift */,
			);
			path = Defaults;
			sourceTree = "<group>";
		};
		8C2D7A3D2948965A006D1CEA /* ActivityHandling */ = {
			isa = PBXGroup;
			children = (
				8C2D7A3E2948966E006D1CEA /* AcitivityHandler.swift */,
			);
			path = ActivityHandling;
			sourceTree = "<group>";
		};
		8C359644294C9C9B0077154E /* TweetMediaEntity */ = {
			isa = PBXGroup;
			children = (
				8C359645294C9CBB0077154E /* TweetMediaEntityView.swift */,
				8C359646294C9CBB0077154E /* TweetMediaEntityView.xib */,
			);
			path = TweetMediaEntity;
			sourceTree = "<group>";
		};
		8C5C6835294B5CDF00F4C88D /* SceneComponents */ = {
			isa = PBXGroup;
			children = (
				8C76665E295B02270015499B /* ProfileHeader */,
				8C359644294C9C9B0077154E /* TweetMediaEntity */,
				8C5C6836294B5CEE00F4C88D /* TweetObjectView */,
			);
			path = SceneComponents;
			sourceTree = "<group>";
		};
		8C5C6836294B5CEE00F4C88D /* TweetObjectView */ = {
			isa = PBXGroup;
			children = (
				8CF1193B29757BAA009C2BBA /* ViewModel */,
				8CF1193929757B72009C2BBA /* Controller */,
				8CF1193A29757B97009C2BBA /* View */,
			);
			path = TweetObjectView;
			sourceTree = "<group>";
		};
		8C766653295AE6050015499B /* Observable */ = {
			isa = PBXGroup;
			children = (
				8C766654295AE6220015499B /* Observable.swift */,
			);
			path = Observable;
			sourceTree = "<group>";
		};
		8C766659295AF5090015499B /* Helper */ = {
			isa = PBXGroup;
			children = (
				8C76665A295AF5160015499B /* ScreenType.swift */,
			);
			path = Helper;
			sourceTree = "<group>";
		};
		8C76665E295B02270015499B /* ProfileHeader */ = {
			isa = PBXGroup;
			children = (
				8CF1193F29758155009C2BBA /* Component */,
				8CF119402975815F009C2BBA /* View */,
			);
			path = ProfileHeader;
			sourceTree = "<group>";
		};
		8C766665295B34930015499B /* Tabbar */ = {
			isa = PBXGroup;
			children = (
				8C766666295B34BE0015499B /* RootTabbarController.swift */,
				8CF1194B2975E0AD009C2BBA /* RootTabbarController+TwitterHeaderDelegate.swift */,
				8CF1194D2975E676009C2BBA /* RootTabbarControllerProtocol.swift */,
				8CF1194F2975E6C0009C2BBA /* RootTabbarController+RootTabbarControllerProtocol.swift */,
			);
			path = Tabbar;
			sourceTree = "<group>";
		};
		8C76666A295B42960015499B /* ComplentaryViews */ = {
			isa = PBXGroup;
			children = (
				8C813F50297DA96A009B32C3 /* LogoutAlert */,
				74E38939295E5A21000A4AB5 /* CreateTweetPopup */,
				8C76666B295B42A70015499B /* ImageViewPopup */,
				8C813F5F297DB1D2009B32C3 /* SuccessMessage */,
			);
			path = ComplentaryViews;
			sourceTree = "<group>";
		};
		8C76666B295B42A70015499B /* ImageViewPopup */ = {
			isa = PBXGroup;
			children = (
				8CCEF8D42976E647001FFC96 /* Controller */,
				8CCEF8D52976E64D001FFC96 /* View */,
			);
			path = ImageViewPopup;
			sourceTree = "<group>";
		};
		8C813F50297DA96A009B32C3 /* LogoutAlert */ = {
			isa = PBXGroup;
			children = (
				8C813F59297DADB1009B32C3 /* Controller */,
				8C813F5A297DADB7009B32C3 /* View */,
			);
			path = LogoutAlert;
			sourceTree = "<group>";
		};
		8C813F59297DADB1009B32C3 /* Controller */ = {
			isa = PBXGroup;
			children = (
				8C813F51297DA9A9009B32C3 /* LogoutAlertViewController.swift */,
			);
			path = Controller;
			sourceTree = "<group>";
		};
		8C813F5A297DADB7009B32C3 /* View */ = {
			isa = PBXGroup;
			children = (
				8C813F52297DA9A9009B32C3 /* LogoutAlertViewController.xib */,
			);
			path = View;
			sourceTree = "<group>";
		};
		8C813F5F297DB1D2009B32C3 /* SuccessMessage */ = {
			isa = PBXGroup;
			children = (
				8C813F60297DB1DA009B32C3 /* Controller */,
				8C813F61297DB1DF009B32C3 /* View */,
			);
			path = SuccessMessage;
			sourceTree = "<group>";
		};
		8C813F60297DB1DA009B32C3 /* Controller */ = {
			isa = PBXGroup;
			children = (
				8C813F5B297DB1CC009B32C3 /* SuccessMessageViewController.swift */,
			);
			path = Controller;
			sourceTree = "<group>";
		};
		8C813F61297DB1DF009B32C3 /* View */ = {
			isa = PBXGroup;
			children = (
				8C813F5C297DB1CC009B32C3 /* SuccessMessageViewController.xib */,
			);
			path = View;
			sourceTree = "<group>";
		};
		8CCEF8BA29769E5C001FFC96 /* Localization */ = {
			isa = PBXGroup;
			children = (
				8CCEF8BF29769ECB001FFC96 /* Localizable.strings */,
				8CCEF8C22976A107001FFC96 /* String+Localized.swift */,
				8CCEF8C42976A15A001FFC96 /* UIButton+Localized.swift */,
				8CCEF8C62976B5F1001FFC96 /* Extensions+Bundle.swift */,
				8CCEF8C82976C22E001FFC96 /* UIView+Localization.swift */,
				74C31457297AFDAD00D1A2FB /* Language.swift */,
			);
			path = Localization;
			sourceTree = "<group>";
		};
		8CCEF8D42976E647001FFC96 /* Controller */ = {
			isa = PBXGroup;
			children = (
				8C76666C295B42CC0015499B /* ImageViewPopup.swift */,
			);
			path = Controller;
			sourceTree = "<group>";
		};
		8CCEF8D52976E64D001FFC96 /* View */ = {
			isa = PBXGroup;
			children = (
				8C76666D295B42CC0015499B /* ImageViewPopup.xib */,
			);
			path = View;
			sourceTree = "<group>";
		};
		8CCEF8D62977EBF1001FFC96 /* Protocols */ = {
			isa = PBXGroup;
			children = (
				743FD2E4293222E800DFC4DD /* Coordinator.swift */,
				8CCEF8D72977EC13001FFC96 /* TimelineCoordinator.swift */,
				8CCEF8D92977EC34001FFC96 /* PreferencesCoordinator.swift */,
				8CCEF8DB2977EC53001FFC96 /* ImageViewCoordinator.swift */,
				8C813F55297DAD41009B32C3 /* LogoutAlertCoordinator.swift */,
			);
			path = Protocols;
			sourceTree = "<group>";
		};
		8CCEF8DD2977EC5D001FFC96 /* Coordinators */ = {
			isa = PBXGroup;
			children = (
				8CCEF8E62977ED35001FFC96 /* App */,
				8CCEF8E52977ED2F001FFC96 /* Auth */,
				8CCEF8E42977ED28001FFC96 /* Main */,
			);
			path = Coordinators;
			sourceTree = "<group>";
		};
		8CCEF8E42977ED28001FFC96 /* Main */ = {
			isa = PBXGroup;
			children = (
				743FD2E6293226F000DFC4DD /* MainCoordinator.swift */,
				8CCEF8E22977ECAE001FFC96 /* MainCoordinator+ImageViewCoordinator.swift */,
				8CCEF8DE2977EC84001FFC96 /* MainCoordinator+TimelineCoordinator.swift */,
				8CCEF8E02977EC9A001FFC96 /* MainCoordinator+PreferncesCoordinator.swift */,
				8C813F57297DAD8C009B32C3 /* MainCoordinator+LogoutAlertCoordinator.swift */,
			);
			path = Main;
			sourceTree = "<group>";
		};
		8CCEF8E52977ED2F001FFC96 /* Auth */ = {
			isa = PBXGroup;
			children = (
				743FD2EA2932282E00DFC4DD /* AuthCoordinator.swift */,
			);
			path = Auth;
			sourceTree = "<group>";
		};
		8CCEF8E62977ED35001FFC96 /* App */ = {
			isa = PBXGroup;
			children = (
				743FD2E8293227E900DFC4DD /* AppCoordinator.swift */,
			);
			path = App;
			sourceTree = "<group>";
		};
		8CCEF8E72977ED9A001FFC96 /* Core */ = {
			isa = PBXGroup;
			children = (
				743FD2CB293222A800DFC4DD /* AppDelegate.swift */,
				743FD2CD293222A800DFC4DD /* SceneDelegate.swift */,
				743FD2D7293222A900DFC4DD /* Assets.xcassets */,
				743FD2D9293222A900DFC4DD /* LaunchScreen.storyboard */,
				743FD2DC293222A900DFC4DD /* Info.plist */,
				743FD2D4293222A800DFC4DD /* Tweetarium.xcdatamodeld */,
			);
			path = Core;
			sourceTree = "<group>";
		};
		8CF1193929757B72009C2BBA /* Controller */ = {
			isa = PBXGroup;
			children = (
				8C5C6837294B5D2600F4C88D /* TweetObjectView.swift */,
				74E38935295E532A000A4AB5 /* TweetObjectView+CollectionView.swift */,
				74E38937295E5375000A4AB5 /* TweetObjectView+TextViewDelegate.swift */,
				8C68CC89297448300073218F /* TweetObjectView+Instntiation.swift */,
				8C68CC87297447E60073218F /* TweetObjectView+UIConfiguration.swift */,
				8C68CC8B297448EF0073218F /* TweetObjectView+Binding.swift */,
				74E38933295E5305000A4AB5 /* TweetObjectDelegate.swift */,
				8C68CC8D29744D600073218F /* TweetViewProtocol.swift */,
				8C68CC8F29744EF70073218F /* TweetObjectView+TweetViewProtocol.swift */,
			);
			path = Controller;
			sourceTree = "<group>";
		};
		8CF1193A29757B97009C2BBA /* View */ = {
			isa = PBXGroup;
			children = (
				8C5C6838294B5D2600F4C88D /* TweetObjectView.xib */,
			);
			path = View;
			sourceTree = "<group>";
		};
		8CF1193B29757BAA009C2BBA /* ViewModel */ = {
			isa = PBXGroup;
			children = (
				7421BCF8294931B300523938 /* TweetViewModel.swift */,
				8C68CC852974439E0073218F /* TweetViewModel+DataFormatting.swift */,
			);
			path = ViewModel;
			sourceTree = "<group>";
		};
		8CF1193C29757CCB009C2BBA /* Factory */ = {
			isa = PBXGroup;
			children = (
				8CF1193D29757CEA009C2BBA /* Factory.swift */,
			);
			path = Factory;
			sourceTree = "<group>";
		};
		8CF1193F29758155009C2BBA /* Component */ = {
			isa = PBXGroup;
			children = (
				8C76665F295B02470015499B /* TwitterUserHeader.swift */,
				8CF1194129758187009C2BBA /* TwitterHeaderProtocol.swift */,
				8CF11943297581C6009C2BBA /* TwitterHeaderDelegate.swift */,
				8CF1194529758207009C2BBA /* TwitterUserHeader+UIConfiguration.swift */,
				8CF119492975825A009C2BBA /* TwitterUserHeader+TwitterHeaderProtocol.swift */,
			);
			path = Component;
			sourceTree = "<group>";
		};
		8CF119402975815F009C2BBA /* View */ = {
			isa = PBXGroup;
			children = (
				8C766661295B02550015499B /* TwitterUserHeader.xib */,
			);
			path = View;
			sourceTree = "<group>";
		};
		B8940D3496FEA6E8A11C496A /* Pods */ = {
			isa = PBXGroup;
			children = (
				EB2D7769523DF84D9CA3C655 /* Pods-Tweetarium.debug.xcconfig */,
				9A01B5AEF79CE371AD7E0EDA /* Pods-Tweetarium.release.xcconfig */,
			);
			path = Pods;
			sourceTree = "<group>";
		};
/* End PBXGroup section */

/* Begin PBXNativeTarget section */
		743FD2C7293222A800DFC4DD /* Tweetarium */ = {
			isa = PBXNativeTarget;
			buildConfigurationList = 743FD2DF293222A900DFC4DD /* Build configuration list for PBXNativeTarget "Tweetarium" */;
			buildPhases = (
				B9A7FF5DE781F736421C42E0 /* [CP] Check Pods Manifest.lock */,
				743FD2C4293222A800DFC4DD /* Sources */,
				743FD2C5293222A800DFC4DD /* Frameworks */,
				743FD2C6293222A800DFC4DD /* Resources */,
				C98BA931366A089EDE3AE6FB /* [CP] Embed Pods Frameworks */,
			);
			buildRules = (
			);
			dependencies = (
			);
			name = Tweetarium;
			productName = Tweetarium;
			productReference = 743FD2C8293222A800DFC4DD /* Tweetarium.app */;
			productType = "com.apple.product-type.application";
		};
/* End PBXNativeTarget section */

/* Begin PBXProject section */
		743FD2C0293222A800DFC4DD /* Project object */ = {
			isa = PBXProject;
			attributes = {
				BuildIndependentTargetsInParallel = 1;
				LastSwiftUpdateCheck = 1400;
				LastUpgradeCheck = 1400;
				TargetAttributes = {
					743FD2C7293222A800DFC4DD = {
						CreatedOnToolsVersion = 14.0.1;
					};
				};
			};
			buildConfigurationList = 743FD2C3293222A800DFC4DD /* Build configuration list for PBXProject "Tweetarium" */;
			compatibilityVersion = "Xcode 13.0";
			developmentRegion = en;
			hasScannedForEncodings = 0;
			knownRegions = (
				en,
				Base,
				ar,
			);
			mainGroup = 743FD2BF293222A800DFC4DD;
			productRefGroup = 743FD2C9293222A800DFC4DD /* Products */;
			projectDirPath = "";
			projectRoot = "";
			targets = (
				743FD2C7293222A800DFC4DD /* Tweetarium */,
			);
		};
/* End PBXProject section */

/* Begin PBXResourcesBuildPhase section */
		743FD2C6293222A800DFC4DD /* Resources */ = {
			isa = PBXResourcesBuildPhase;
			buildActionMask = 2147483647;
			files = (
				8C813F5E297DB1CC009B32C3 /* SuccessMessageViewController.xib in Resources */,
				8C5C683A294B5D2600F4C88D /* TweetObjectView.xib in Resources */,
				74A605AF2932786A00286736 /* LoadingViewController.xib in Resources */,
				74E3893D295E5A71000A4AB5 /* CreateTweetPopup.xib in Resources */,
				8C813F63297DB685009B32C3 /* README.md in Resources */,
				8C359648294C9CBB0077154E /* TweetMediaEntityView.xib in Resources */,
				8C766662295B02550015499B /* TwitterUserHeader.xib in Resources */,
				8C813F54297DA9A9009B32C3 /* LogoutAlertViewController.xib in Resources */,
				8CCEF8BD29769ECB001FFC96 /* Localizable.strings in Resources */,
				7421BCDF2948F08000523938 /* TimelineViewController.xib in Resources */,
				8C76666F295B42CC0015499B /* ImageViewPopup.xib in Resources */,
				743FD2DB293222A900DFC4DD /* LaunchScreen.storyboard in Resources */,
				743FD2D8293222A900DFC4DD /* Assets.xcassets in Resources */,
			);
			runOnlyForDeploymentPostprocessing = 0;
		};
/* End PBXResourcesBuildPhase section */

/* Begin PBXShellScriptBuildPhase section */
		B9A7FF5DE781F736421C42E0 /* [CP] Check Pods Manifest.lock */ = {
			isa = PBXShellScriptBuildPhase;
			buildActionMask = 2147483647;
			files = (
			);
			inputFileListPaths = (
			);
			inputPaths = (
				"${PODS_PODFILE_DIR_PATH}/Podfile.lock",
				"${PODS_ROOT}/Manifest.lock",
			);
			name = "[CP] Check Pods Manifest.lock";
			outputFileListPaths = (
			);
			outputPaths = (
				"$(DERIVED_FILE_DIR)/Pods-Tweetarium-checkManifestLockResult.txt",
			);
			runOnlyForDeploymentPostprocessing = 0;
			shellPath = /bin/sh;
			shellScript = "diff \"${PODS_PODFILE_DIR_PATH}/Podfile.lock\" \"${PODS_ROOT}/Manifest.lock\" > /dev/null\nif [ $? != 0 ] ; then\n    # print error to STDERR\n    echo \"error: The sandbox is not in sync with the Podfile.lock. Run 'pod install' or update your CocoaPods installation.\" >&2\n    exit 1\nfi\n# This output is used by Xcode 'outputs' to avoid re-running this script phase.\necho \"SUCCESS\" > \"${SCRIPT_OUTPUT_FILE_0}\"\n";
			showEnvVarsInLog = 0;
		};
		C98BA931366A089EDE3AE6FB /* [CP] Embed Pods Frameworks */ = {
			isa = PBXShellScriptBuildPhase;
			buildActionMask = 2147483647;
			files = (
			);
			inputFileListPaths = (
				"${PODS_ROOT}/Target Support Files/Pods-Tweetarium/Pods-Tweetarium-frameworks-${CONFIGURATION}-input-files.xcfilelist",
			);
			name = "[CP] Embed Pods Frameworks";
			outputFileListPaths = (
				"${PODS_ROOT}/Target Support Files/Pods-Tweetarium/Pods-Tweetarium-frameworks-${CONFIGURATION}-output-files.xcfilelist",
			);
			runOnlyForDeploymentPostprocessing = 0;
			shellPath = /bin/sh;
			shellScript = "\"${PODS_ROOT}/Target Support Files/Pods-Tweetarium/Pods-Tweetarium-frameworks.sh\"\n";
			showEnvVarsInLog = 0;
		};
/* End PBXShellScriptBuildPhase section */

/* Begin PBXSourcesBuildPhase section */
		743FD2C4293222A800DFC4DD /* Sources */ = {
			isa = PBXSourcesBuildPhase;
			buildActionMask = 2147483647;
			files = (
				8C68CC7E297441CF0073218F /* TimelineViewController+UIConfiguration.swift in Sources */,
				8C76667B295C441A0015499B /* MatchingRule.swift in Sources */,
				8C766673295C35760015499B /* Tweet.swift in Sources */,
				8CCEF8CF2976E56F001FFC96 /* LoadingViewController+Binding.swift in Sources */,
				8C766655295AE6220015499B /* Observable.swift in Sources */,
				74A605B4293278D900286736 /* Dict<String>.swift in Sources */,
				8CCEF8D12976E5A6001FFC96 /* LoadingViewController+ASWebAuthenticationPresentationContextProviding.swift in Sources */,
				8C2D7A3C29488787006D1CEA /* UserDefaults.swift in Sources */,
				8C766687295C48130015499B /* MentionObject.swift in Sources */,
				8C766689295C484C0015499B /* Symbol.swift in Sources */,
				8C359647294C9CBB0077154E /* TweetMediaEntityView.swift in Sources */,
				8CCEF8DC2977EC53001FFC96 /* ImageViewCoordinator.swift in Sources */,
				8C766679295C44040015499B /* FilterLevel.swift in Sources */,
				74E3893C295E5A71000A4AB5 /* CreateTweetPopup.swift in Sources */,
				8CCEF8CB2976D532001FFC96 /* CreateTweetViewModelProtocol.swift in Sources */,
				74A605B829327E6A00286736 /* String.swift in Sources */,
				743FD2E7293226F000DFC4DD /* MainCoordinator.swift in Sources */,
				7421BCF9294931B300523938 /* TweetViewModel.swift in Sources */,
				7421BCDE2948F08000523938 /* TimelineViewController.swift in Sources */,
				8C76665B295AF5160015499B /* ScreenType.swift in Sources */,
				743FD3272932741200DFC4DD /* ServiceMonitor.swift in Sources */,
				8C766675295C43BD0015499B /* ContentRestriction.swift in Sources */,
				74C31454297AE4D700D1A2FB /* Preferences.swift in Sources */,
				7421BCF229492EF600523938 /* Statuses.swift in Sources */,
				8C76667D295C442C0015499B /* UserRetweet.swift in Sources */,
				8CCEF8D82977EC13001FFC96 /* TimelineCoordinator.swift in Sources */,
				8C68CC7A297433BA0073218F /* CreateTweetPopup+UITextViewDelegate.swift in Sources */,
				743FD3172932705200DFC4DD /* Twitter.swift in Sources */,
				74E38938295E5375000A4AB5 /* TweetObjectView+TextViewDelegate.swift in Sources */,
				74A605B62932795100286736 /* RequestSigner.swift in Sources */,
				8C766685295C47890015499B /* URLObject.swift in Sources */,
				8CCEF8C72976B5F1001FFC96 /* Extensions+Bundle.swift in Sources */,
				8C76666E295B42CC0015499B /* ImageViewPopup.swift in Sources */,
				8C766671295C2EF80015499B /* Date.swift in Sources */,
				8C68CC862974439F0073218F /* TweetViewModel+DataFormatting.swift in Sources */,
				8C68CC84297442450073218F /* TimelineViewController+TweetObjectDelegate.swift in Sources */,
				74E38936295E532A000A4AB5 /* TweetObjectView+CollectionView.swift in Sources */,
				8CCEF8DA2977EC34001FFC96 /* PreferencesCoordinator.swift in Sources */,
				74C31456297AEA1A00D1A2FB /* PreferencesHosting.swift in Sources */,
				8CCEF8DF2977EC84001FFC96 /* MainCoordinator+TimelineCoordinator.swift in Sources */,
				8CF11944297581C6009C2BBA /* TwitterHeaderDelegate.swift in Sources */,
				8C35964A294CAB070077154E /* Int.swift in Sources */,
				8CF1194629758207009C2BBA /* TwitterUserHeader+UIConfiguration.swift in Sources */,
				8C76665D295AFFA80015499B /* User.swift in Sources */,
				8C76667F295C44B70015499B /* Entity.swift in Sources */,
				8CCEF8C52976A15A001FFC96 /* UIButton+Localized.swift in Sources */,
				8CF1194A2975825A009C2BBA /* TwitterUserHeader+TwitterHeaderProtocol.swift in Sources */,
				8C68CC80297442030073218F /* TimelineViewController+UITableView.swift in Sources */,
				8C2D7A3F2948966E006D1CEA /* AcitivityHandler.swift in Sources */,
				743FD2CC293222A800DFC4DD /* AppDelegate.swift in Sources */,
				74A605BA2932914900286736 /* LoadingViewModel.swift in Sources */,
				8CCEF8C32976A107001FFC96 /* String+Localized.swift in Sources */,
				743FD2E5293222E800DFC4DD /* Coordinator.swift in Sources */,
				743FD31F293273AE00DFC4DD /* HTTPMethod.swift in Sources */,
				743FD2D6293222A800DFC4DD /* Tweetarium.xcdatamodeld in Sources */,
				743FD325293273FD00DFC4DD /* ServiceErrors.swift in Sources */,
				8C766683295C469A0015499B /* MediaEntityObject.swift in Sources */,
				8CCEF8CD2976E4B6001FFC96 /* LoadingViewModelProtocol.swift in Sources */,
				74D42F97295F0FB500E1906A /* CreateTweetViewModel.swift in Sources */,
				8CCEF8E32977ECAE001FFC96 /* MainCoordinator+ImageViewCoordinator.swift in Sources */,
				74C3144B297ADE3500D1A2FB /* URLRequestContentType.swift in Sources */,
				743FD321293273BF00DFC4DD /* NetworkingRoute.swift in Sources */,
				8C766677295C43EB0015499B /* Lang.swift in Sources */,
				8C68CC9029744EF70073218F /* TweetObjectView+TweetViewProtocol.swift in Sources */,
				74C3144D297AE05B00D1A2FB /* Client.swift in Sources */,
				8C766660295B02470015499B /* TwitterUserHeader.swift in Sources */,
				74C31458297AFDAD00D1A2FB /* Language.swift in Sources */,
				743FD323293273DA00DFC4DD /* Service.swift in Sources */,
				8C813F5D297DB1CC009B32C3 /* SuccessMessageViewController.swift in Sources */,
				743FD30D293236DA00DFC4DD /* LoadingViewController.swift in Sources */,
				8C68CC7C2974410A0073218F /* TimelineViewController+Binding.swift in Sources */,
				74C3144F297AE10900D1A2FB /* Credentials.swift in Sources */,
				8C813F56297DAD42009B32C3 /* LogoutAlertCoordinator.swift in Sources */,
				74E38934295E5305000A4AB5 /* TweetObjectDelegate.swift in Sources */,
				8CF1193829756B2B009C2BBA /* TimelineViewModelProtocol.swift in Sources */,
				8C68CC82297442250073218F /* TimelineViewController+Prefetch.swift in Sources */,
				8C563C6D295DC6A800540A54 /* Actions.swift in Sources */,
				8C813F53297DA9A9009B32C3 /* LogoutAlertViewController.swift in Sources */,
				8C68CC79297433BA0073218F /* CreateTweetPopup+Binding.swift in Sources */,
				8C2D7A3929488014006D1CEA /* URLRequest.swift in Sources */,
				8CF1194229758187009C2BBA /* TwitterHeaderProtocol.swift in Sources */,
				8C68CC88297447E60073218F /* TweetObjectView+UIConfiguration.swift in Sources */,
				8CF1193E29757CEA009C2BBA /* Factory.swift in Sources */,
				743FD32F2932750D00DFC4DD /* OAuth.swift in Sources */,
				8CCEF8C92976C22E001FFC96 /* UIView+Localization.swift in Sources */,
				8C766668295B34BE0015499B /* RootTabbarController.swift in Sources */,
				8C766664295B0DE10015499B /* Users.swift in Sources */,
				7421BCD82948EF6A00523938 /* AFViewController.swift in Sources */,
				7421BCF729492FC800523938 /* TimelineViewModel.swift in Sources */,
				8C766681295C46730015499B /* HashtagObject.swift in Sources */,
				8C813F58297DAD8C009B32C3 /* MainCoordinator+LogoutAlertCoordinator.swift in Sources */,
				8C68CC8A297448300073218F /* TweetObjectView+Instntiation.swift in Sources */,
				8CF1194C2975E0AD009C2BBA /* RootTabbarController+TwitterHeaderDelegate.swift in Sources */,
				743FD2CE293222A800DFC4DD /* SceneDelegate.swift in Sources */,
				8C76668D295C4A300015499B /* Coordinates.swift in Sources */,
				743FD2EB2932282E00DFC4DD /* AuthCoordinator.swift in Sources */,
				8C68CC8E29744D600073218F /* TweetViewProtocol.swift in Sources */,
				7487516E295F219A0035EA09 /* UserViewModel.swift in Sources */,
				8C76668B295C49300015499B /* Poll.swift in Sources */,
				8CF119502975E6C0009C2BBA /* RootTabbarController+RootTabbarControllerProtocol.swift in Sources */,
				8CCEF8E12977EC9A001FFC96 /* MainCoordinator+PreferncesCoordinator.swift in Sources */,
				8C68CC77297433BA0073218F /* CreateTweetType.swift in Sources */,
				8C68CC78297433BA0073218F /* CreateTweetPopup+UIConfiguration.swift in Sources */,
				8CF1194E2975E676009C2BBA /* RootTabbarControllerProtocol.swift in Sources */,
				743FD2E9293227E900DFC4DD /* AppCoordinator.swift in Sources */,
				8CCEF8D32976E5E2001FFC96 /* LoadingViewController+Animations.swift in Sources */,
				743FD3192932706100DFC4DD /* API Keys.swift in Sources */,
				8C5C6839294B5D2600F4C88D /* TweetObjectView.swift in Sources */,
				8C68CC8C297448EF0073218F /* TweetObjectView+Binding.swift in Sources */,
			);
			runOnlyForDeploymentPostprocessing = 0;
		};
/* End PBXSourcesBuildPhase section */

/* Begin PBXVariantGroup section */
		743FD2D9293222A900DFC4DD /* LaunchScreen.storyboard */ = {
			isa = PBXVariantGroup;
			children = (
				743FD2DA293222A900DFC4DD /* Base */,
				8CCEF8C02976A0E2001FFC96 /* ar */,
			);
			name = LaunchScreen.storyboard;
			sourceTree = "<group>";
		};
		8CCEF8BF29769ECB001FFC96 /* Localizable.strings */ = {
			isa = PBXVariantGroup;
			children = (
				8CCEF8BE29769ECB001FFC96 /* en */,
				8CCEF8C12976A0E4001FFC96 /* ar */,
			);
			name = Localizable.strings;
			sourceTree = "<group>";
		};
/* End PBXVariantGroup section */

/* Begin XCBuildConfiguration section */
		743FD2DD293222A900DFC4DD /* Debug */ = {
			isa = XCBuildConfiguration;
			buildSettings = {
				ALWAYS_SEARCH_USER_PATHS = NO;
				CLANG_ANALYZER_LOCALIZABILITY_NONLOCALIZED = YES;
				CLANG_ANALYZER_NONNULL = YES;
				CLANG_ANALYZER_NUMBER_OBJECT_CONVERSION = YES_AGGRESSIVE;
				CLANG_CXX_LANGUAGE_STANDARD = "gnu++20";
				CLANG_ENABLE_MODULES = YES;
				CLANG_ENABLE_OBJC_ARC = YES;
				CLANG_ENABLE_OBJC_WEAK = YES;
				CLANG_WARN_BLOCK_CAPTURE_AUTORELEASING = YES;
				CLANG_WARN_BOOL_CONVERSION = YES;
				CLANG_WARN_COMMA = YES;
				CLANG_WARN_CONSTANT_CONVERSION = YES;
				CLANG_WARN_DEPRECATED_OBJC_IMPLEMENTATIONS = YES;
				CLANG_WARN_DIRECT_OBJC_ISA_USAGE = YES_ERROR;
				CLANG_WARN_DOCUMENTATION_COMMENTS = YES;
				CLANG_WARN_EMPTY_BODY = YES;
				CLANG_WARN_ENUM_CONVERSION = YES;
				CLANG_WARN_INFINITE_RECURSION = YES;
				CLANG_WARN_INT_CONVERSION = YES;
				CLANG_WARN_NON_LITERAL_NULL_CONVERSION = YES;
				CLANG_WARN_OBJC_IMPLICIT_RETAIN_SELF = YES;
				CLANG_WARN_OBJC_LITERAL_CONVERSION = YES;
				CLANG_WARN_OBJC_ROOT_CLASS = YES_ERROR;
				CLANG_WARN_QUOTED_INCLUDE_IN_FRAMEWORK_HEADER = YES;
				CLANG_WARN_RANGE_LOOP_ANALYSIS = YES;
				CLANG_WARN_STRICT_PROTOTYPES = YES;
				CLANG_WARN_SUSPICIOUS_MOVE = YES;
				CLANG_WARN_UNGUARDED_AVAILABILITY = YES_AGGRESSIVE;
				CLANG_WARN_UNREACHABLE_CODE = YES;
				CLANG_WARN__DUPLICATE_METHOD_MATCH = YES;
				COPY_PHASE_STRIP = NO;
				DEBUG_INFORMATION_FORMAT = dwarf;
				ENABLE_STRICT_OBJC_MSGSEND = YES;
				ENABLE_TESTABILITY = YES;
				GCC_C_LANGUAGE_STANDARD = gnu11;
				GCC_DYNAMIC_NO_PIC = NO;
				GCC_NO_COMMON_BLOCKS = YES;
				GCC_OPTIMIZATION_LEVEL = 0;
				GCC_PREPROCESSOR_DEFINITIONS = (
					"DEBUG=1",
					"$(inherited)",
				);
				GCC_WARN_64_TO_32_BIT_CONVERSION = YES;
				GCC_WARN_ABOUT_RETURN_TYPE = YES_ERROR;
				GCC_WARN_UNDECLARED_SELECTOR = YES;
				GCC_WARN_UNINITIALIZED_AUTOS = YES_AGGRESSIVE;
				GCC_WARN_UNUSED_FUNCTION = YES;
				GCC_WARN_UNUSED_VARIABLE = YES;
				IPHONEOS_DEPLOYMENT_TARGET = 15.0;
				MTL_ENABLE_DEBUG_INFO = INCLUDE_SOURCE;
				MTL_FAST_MATH = YES;
				ONLY_ACTIVE_ARCH = YES;
				SDKROOT = iphoneos;
				SWIFT_ACTIVE_COMPILATION_CONDITIONS = DEBUG;
				SWIFT_OPTIMIZATION_LEVEL = "-Onone";
			};
			name = Debug;
		};
		743FD2DE293222A900DFC4DD /* Release */ = {
			isa = XCBuildConfiguration;
			buildSettings = {
				ALWAYS_SEARCH_USER_PATHS = NO;
				CLANG_ANALYZER_LOCALIZABILITY_NONLOCALIZED = YES;
				CLANG_ANALYZER_NONNULL = YES;
				CLANG_ANALYZER_NUMBER_OBJECT_CONVERSION = YES_AGGRESSIVE;
				CLANG_CXX_LANGUAGE_STANDARD = "gnu++20";
				CLANG_ENABLE_MODULES = YES;
				CLANG_ENABLE_OBJC_ARC = YES;
				CLANG_ENABLE_OBJC_WEAK = YES;
				CLANG_WARN_BLOCK_CAPTURE_AUTORELEASING = YES;
				CLANG_WARN_BOOL_CONVERSION = YES;
				CLANG_WARN_COMMA = YES;
				CLANG_WARN_CONSTANT_CONVERSION = YES;
				CLANG_WARN_DEPRECATED_OBJC_IMPLEMENTATIONS = YES;
				CLANG_WARN_DIRECT_OBJC_ISA_USAGE = YES_ERROR;
				CLANG_WARN_DOCUMENTATION_COMMENTS = YES;
				CLANG_WARN_EMPTY_BODY = YES;
				CLANG_WARN_ENUM_CONVERSION = YES;
				CLANG_WARN_INFINITE_RECURSION = YES;
				CLANG_WARN_INT_CONVERSION = YES;
				CLANG_WARN_NON_LITERAL_NULL_CONVERSION = YES;
				CLANG_WARN_OBJC_IMPLICIT_RETAIN_SELF = YES;
				CLANG_WARN_OBJC_LITERAL_CONVERSION = YES;
				CLANG_WARN_OBJC_ROOT_CLASS = YES_ERROR;
				CLANG_WARN_QUOTED_INCLUDE_IN_FRAMEWORK_HEADER = YES;
				CLANG_WARN_RANGE_LOOP_ANALYSIS = YES;
				CLANG_WARN_STRICT_PROTOTYPES = YES;
				CLANG_WARN_SUSPICIOUS_MOVE = YES;
				CLANG_WARN_UNGUARDED_AVAILABILITY = YES_AGGRESSIVE;
				CLANG_WARN_UNREACHABLE_CODE = YES;
				CLANG_WARN__DUPLICATE_METHOD_MATCH = YES;
				COPY_PHASE_STRIP = NO;
				DEBUG_INFORMATION_FORMAT = "dwarf-with-dsym";
				ENABLE_NS_ASSERTIONS = NO;
				ENABLE_STRICT_OBJC_MSGSEND = YES;
				GCC_C_LANGUAGE_STANDARD = gnu11;
				GCC_NO_COMMON_BLOCKS = YES;
				GCC_WARN_64_TO_32_BIT_CONVERSION = YES;
				GCC_WARN_ABOUT_RETURN_TYPE = YES_ERROR;
				GCC_WARN_UNDECLARED_SELECTOR = YES;
				GCC_WARN_UNINITIALIZED_AUTOS = YES_AGGRESSIVE;
				GCC_WARN_UNUSED_FUNCTION = YES;
				GCC_WARN_UNUSED_VARIABLE = YES;
				IPHONEOS_DEPLOYMENT_TARGET = 15.0;
				MTL_ENABLE_DEBUG_INFO = NO;
				MTL_FAST_MATH = YES;
				SDKROOT = iphoneos;
				SWIFT_COMPILATION_MODE = wholemodule;
				SWIFT_OPTIMIZATION_LEVEL = "-O";
				VALIDATE_PRODUCT = YES;
			};
			name = Release;
		};
		743FD2E0293222A900DFC4DD /* Debug */ = {
			isa = XCBuildConfiguration;
			baseConfigurationReference = EB2D7769523DF84D9CA3C655 /* Pods-Tweetarium.debug.xcconfig */;
			buildSettings = {
				ASSETCATALOG_COMPILER_APPICON_NAME = AppIcon;
				ASSETCATALOG_COMPILER_GLOBAL_ACCENT_COLOR_NAME = AccentColor;
				CODE_SIGN_STYLE = Automatic;
				CURRENT_PROJECT_VERSION = 1;
				DEVELOPMENT_TEAM = WZ92WPK5PN;
				GENERATE_INFOPLIST_FILE = YES;
				INFOPLIST_FILE = Tweetarium/Core/Info.plist;
				INFOPLIST_KEY_CFBundleDisplayName = Tweetarium;
				INFOPLIST_KEY_UIApplicationSupportsIndirectInputEvents = YES;
				INFOPLIST_KEY_UILaunchStoryboardName = LaunchScreen;
				INFOPLIST_KEY_UISupportedInterfaceOrientations = UIInterfaceOrientationPortrait;
				INFOPLIST_KEY_UISupportedInterfaceOrientations_iPad = "UIInterfaceOrientationLandscapeLeft UIInterfaceOrientationLandscapeRight UIInterfaceOrientationPortrait UIInterfaceOrientationPortraitUpsideDown";
				IPHONEOS_DEPLOYMENT_TARGET = 15.0;
				LD_RUNPATH_SEARCH_PATHS = (
					"$(inherited)",
					"@executable_path/Frameworks",
				);
				MARKETING_VERSION = 1.0;
				PRODUCT_BUNDLE_IDENTIFIER = com.fathy.Tweetarium;
				PRODUCT_NAME = "$(TARGET_NAME)";
				SWIFT_EMIT_LOC_STRINGS = YES;
				SWIFT_VERSION = 5.0;
				TARGETED_DEVICE_FAMILY = "1,2";
			};
			name = Debug;
		};
		743FD2E1293222A900DFC4DD /* Release */ = {
			isa = XCBuildConfiguration;
			baseConfigurationReference = 9A01B5AEF79CE371AD7E0EDA /* Pods-Tweetarium.release.xcconfig */;
			buildSettings = {
				ASSETCATALOG_COMPILER_APPICON_NAME = AppIcon;
				ASSETCATALOG_COMPILER_GLOBAL_ACCENT_COLOR_NAME = AccentColor;
				CODE_SIGN_STYLE = Automatic;
				CURRENT_PROJECT_VERSION = 1;
				DEVELOPMENT_TEAM = WZ92WPK5PN;
				GENERATE_INFOPLIST_FILE = YES;
				INFOPLIST_FILE = Tweetarium/Core/Info.plist;
				INFOPLIST_KEY_CFBundleDisplayName = Tweetarium;
				INFOPLIST_KEY_UIApplicationSupportsIndirectInputEvents = YES;
				INFOPLIST_KEY_UILaunchStoryboardName = LaunchScreen;
				INFOPLIST_KEY_UISupportedInterfaceOrientations = UIInterfaceOrientationPortrait;
				INFOPLIST_KEY_UISupportedInterfaceOrientations_iPad = "UIInterfaceOrientationLandscapeLeft UIInterfaceOrientationLandscapeRight UIInterfaceOrientationPortrait UIInterfaceOrientationPortraitUpsideDown";
				IPHONEOS_DEPLOYMENT_TARGET = 15.0;
				LD_RUNPATH_SEARCH_PATHS = (
					"$(inherited)",
					"@executable_path/Frameworks",
				);
				MARKETING_VERSION = 1.0;
				PRODUCT_BUNDLE_IDENTIFIER = com.fathy.Tweetarium;
				PRODUCT_NAME = "$(TARGET_NAME)";
				SWIFT_EMIT_LOC_STRINGS = YES;
				SWIFT_VERSION = 5.0;
				TARGETED_DEVICE_FAMILY = "1,2";
			};
			name = Release;
		};
/* End XCBuildConfiguration section */

/* Begin XCConfigurationList section */
		743FD2C3293222A800DFC4DD /* Build configuration list for PBXProject "Tweetarium" */ = {
			isa = XCConfigurationList;
			buildConfigurations = (
				743FD2DD293222A900DFC4DD /* Debug */,
				743FD2DE293222A900DFC4DD /* Release */,
			);
			defaultConfigurationIsVisible = 0;
			defaultConfigurationName = Release;
		};
		743FD2DF293222A900DFC4DD /* Build configuration list for PBXNativeTarget "Tweetarium" */ = {
			isa = XCConfigurationList;
			buildConfigurations = (
				743FD2E0293222A900DFC4DD /* Debug */,
				743FD2E1293222A900DFC4DD /* Release */,
			);
			defaultConfigurationIsVisible = 0;
			defaultConfigurationName = Release;
		};
/* End XCConfigurationList section */

/* Begin XCVersionGroup section */
		743FD2D4293222A800DFC4DD /* Tweetarium.xcdatamodeld */ = {
			isa = XCVersionGroup;
			children = (
				743FD2D5293222A800DFC4DD /* Tweetarium.xcdatamodel */,
			);
			currentVersion = 743FD2D5293222A800DFC4DD /* Tweetarium.xcdatamodel */;
			path = Tweetarium.xcdatamodeld;
			sourceTree = "<group>";
			versionGroupType = wrapper.xcdatamodel;
		};
/* End XCVersionGroup section */
	};
	rootObject = 743FD2C0293222A800DFC4DD /* Project object */;
}
